
Microsoft Visual Studio Solution File, Format Version 12.00
# Visual Studio Version 17
VisualStudioVersion = 17.0.31815.197
MinimumVisualStudioVersion = 10.0.40219.1
Project("{9A19103F-16F7-4668-BE54-9A1E7A4F7556}") = "Bicep.Cli", "src\Bicep.Cli\Bicep.Cli.csproj", "{58F20140-729B-41E0-91F0-7004C4E0CB1E}"
EndProject
Project("{9A19103F-16F7-4668-BE54-9A1E7A4F7556}") = "Bicep.Wasm", "src\Bicep.Wasm\Bicep.Wasm.csproj", "{6679B13D-BA2B-43C8-A548-6C6D22E19BE1}"
EndProject
Project("{9A19103F-16F7-4668-BE54-9A1E7A4F7556}") = "Bicep.Core", "src\Bicep.Core\Bicep.Core.csproj", "{D72C8232-24ED-4EDD-ABDB-16194681D9F2}"
EndProject
Project("{9A19103F-16F7-4668-BE54-9A1E7A4F7556}") = "Bicep.LangServer", "src\Bicep.LangServer\Bicep.LangServer.csproj", "{F4AF2603-C020-4A57-A428-AF3EFED21544}"
EndProject
Project("{2150E333-8FDC-42A3-9474-1A3956D46DE8}") = "CLI", "CLI", "{B02251C3-B01E-40EB-B145-2B03F25FE653}"
EndProject
Project("{2150E333-8FDC-42A3-9474-1A3956D46DE8}") = "Core", "Core", "{FE323E78-E865-46E2-859A-E4F6FB312C0F}"
EndProject
Project("{2150E333-8FDC-42A3-9474-1A3956D46DE8}") = "LanguageServer", "LanguageServer", "{76F6CBAF-FE81-4B56-B0DB-DE6FD7174771}"
EndProject
Project("{2150E333-8FDC-42A3-9474-1A3956D46DE8}") = "Web", "Web", "{9EBF2BF0-C968-4029-B21D-214D195EA148}"
EndProject
Project("{9A19103F-16F7-4668-BE54-9A1E7A4F7556}") = "Bicep.Core.IntegrationTests", "src\Bicep.Core.IntegrationTests\Bicep.Core.IntegrationTests.csproj", "{087ADE61-3D39-4884-8258-40D7A7DD833F}"
EndProject
Project("{9A19103F-16F7-4668-BE54-9A1E7A4F7556}") = "Bicep.Core.UnitTests", "src\Bicep.Core.UnitTests\Bicep.Core.UnitTests.csproj", "{166B8503-54F0-452F-88C5-1430BF05A604}"
EndProject
Project("{9A19103F-16F7-4668-BE54-9A1E7A4F7556}") = "Bicep.LangServer.UnitTests", "src\Bicep.LangServer.UnitTests\Bicep.LangServer.UnitTests.csproj", "{F7B0F06D-56CE-4F4A-8EF9-ED6EC3D77EE7}"
EndProject
Project("{9A19103F-16F7-4668-BE54-9A1E7A4F7556}") = "Bicep.Core.Samples", "src\Bicep.Core.Samples\Bicep.Core.Samples.csproj", "{A2E4B91C-3B7F-4CB1-B482-BE40F7709EB5}"
EndProject
Project("{9A19103F-16F7-4668-BE54-9A1E7A4F7556}") = "Bicep.Cli.UnitTests", "src\Bicep.Cli.UnitTests\Bicep.Cli.UnitTests.csproj", "{29A1AE2B-D47D-41DD-9824-279475D9B6C2}"
EndProject
Project("{9A19103F-16F7-4668-BE54-9A1E7A4F7556}") = "Bicep.LangServer.IntegrationTests", "src\Bicep.LangServer.IntegrationTests\Bicep.LangServer.IntegrationTests.csproj", "{0DE47D02-2BBE-4352-9E38-79A374F9C41E}"
EndProject
Project("{9A19103F-16F7-4668-BE54-9A1E7A4F7556}") = "Bicep.Cli.IntegrationTests", "src\Bicep.Cli.IntegrationTests\Bicep.Cli.IntegrationTests.csproj", "{34D7A843-55CB-4A3A-B268-2D4ABB7044D3}"
EndProject
Project("{2150E333-8FDC-42A3-9474-1A3956D46DE8}") = "Decompiler", "Decompiler", "{61643BA1-BE82-4430-A3D3-CB7A16E747E3}"
EndProject
Project("{9A19103F-16F7-4668-BE54-9A1E7A4F7556}") = "Bicep.Decompiler", "src\Bicep.Decompiler\Bicep.Decompiler.csproj", "{4CD48B4A-6297-49FC-90AC-5DF9213C1527}"
EndProject
Project("{9A19103F-16F7-4668-BE54-9A1E7A4F7556}") = "Bicep.Decompiler.IntegrationTests", "src\Bicep.Decompiler.IntegrationTests\Bicep.Decompiler.IntegrationTests.csproj", "{695560CE-C6C3-4FCD-A488-09F06E608297}"
EndProject
Project("{9A19103F-16F7-4668-BE54-9A1E7A4F7556}") = "Bicep.Decompiler.UnitTests", "src\Bicep.Decompiler.UnitTests\Bicep.Decompiler.UnitTests.csproj", "{F3AF01F6-24E8-4129-80B6-84AC070B5C7D}"
EndProject
Project("{2150E333-8FDC-42A3-9474-1A3956D46DE8}") = "_SolutionItems", "_SolutionItems", "{594DDE3F-3A55-47BD-84AF-BAF8B2F8B4C3}"
	ProjectSection(SolutionItems) = preProject
		.editorconfig = .editorconfig
		.gitattributes = .gitattributes
		.gitignore = .gitignore
		azure-pipelines.yml = azure-pipelines.yml
		src\BannedSymbols.txt = src\BannedSymbols.txt
		CODE_OF_CONDUCT.md = CODE_OF_CONDUCT.md
		CONTRIBUTING.md = CONTRIBUTING.md
		src\Directory.Build.props = src\Directory.Build.props
		src\Directory.Build.targets = src\Directory.Build.targets
		src\Directory.Packages.props = src\Directory.Packages.props
		global.json = global.json
		LICENSE = LICENSE
		README.md = README.md
		SECURITY.md = SECURITY.md
	EndProjectSection
EndProject
Project("{2150E333-8FDC-42A3-9474-1A3956D46DE8}") = "scripts", "scripts", "{895557F9-3D8B-4752-878A-5F0AAF2E405C}"
	ProjectSection(SolutionItems) = preProject
		scripts\bcode.ps1 = scripts\bcode.ps1
		scripts\UpdateBaselines.ps1 = scripts\UpdateBaselines.ps1
	EndProjectSection
EndProject
Project("{2150E333-8FDC-42A3-9474-1A3956D46DE8}") = "MSBuild", "MSBuild", "{38A0A11F-72BD-4512-A4A9-AC953936C09F}"
EndProject
Project("{9A19103F-16F7-4668-BE54-9A1E7A4F7556}") = "Bicep.MSBuild", "src\Bicep.MSBuild\Bicep.MSBuild.csproj", "{61026689-70A0-403E-B616-DFAEEF259444}"
EndProject
Project("{2150E333-8FDC-42A3-9474-1A3956D46DE8}") = "RegistryModuleTool", "RegistryModuleTool", "{90126655-7A34-4F5B-A41A-50A468F4632D}"
EndProject
Project("{9A19103F-16F7-4668-BE54-9A1E7A4F7556}") = "Bicep.RegistryModuleTool", "src\Bicep.RegistryModuleTool\Bicep.RegistryModuleTool.csproj", "{DA24CBE9-E85F-4F0D-88D0-0EE5681B91D4}"
EndProject
Project("{9A19103F-16F7-4668-BE54-9A1E7A4F7556}") = "Bicep.RegistryModuleTool.UnitTests", "src\Bicep.RegistryModuleTool.UnitTests\Bicep.RegistryModuleTool.UnitTests.csproj", "{58E2E0C3-059A-4B00-BCC1-66FE78946A9E}"
EndProject
Project("{9A19103F-16F7-4668-BE54-9A1E7A4F7556}") = "Bicep.RegistryModuleTool.IntegrationTests", "src\Bicep.RegistryModuleTool.IntegrationTests\Bicep.RegistryModuleTool.IntegrationTests.csproj", "{8C2280F2-1E08-4022-B26B-59622DD8B126}"
EndProject
Project("{9A19103F-16F7-4668-BE54-9A1E7A4F7556}") = "Bicep.RegistryModuleTool.TestFixtures", "src\Bicep.RegistryModuleTool.TestFixtures\Bicep.RegistryModuleTool.TestFixtures.csproj", "{9F596D8D-5CDB-4830-B73C-26C33C0227D7}"
EndProject
Project("{2150E333-8FDC-42A3-9474-1A3956D46DE8}") = "Tools", "Tools", "{C6CAFEE8-7779-4F48-BEA1-D59D3CD91A56}"
EndProject
Project("{9A19103F-16F7-4668-BE54-9A1E7A4F7556}") = "Bicep.Tools.Benchmark", "src\Bicep.Tools.Benchmark\Bicep.Tools.Benchmark.csproj", "{A4127F6F-A282-47F3-BAFE-6A154F994B4E}"
EndProject
Project("{2150E333-8FDC-42A3-9474-1A3956D46DE8}") = "Local", "Local", "{8F8DCFBC-A0DC-4E40-93C8-B4FB99FBD757}"
EndProject
Project("{9A19103F-16F7-4668-BE54-9A1E7A4F7556}") = "Bicep.Local.Extension", "src\Bicep.Local.Extension\Bicep.Local.Extension.csproj", "{E84C0368-0D02-4284-A3CB-110B14FA8314}"
EndProject
Project("{9A19103F-16F7-4668-BE54-9A1E7A4F7556}") = "Bicep.Local.Deploy", "src\Bicep.Local.Deploy\Bicep.Local.Deploy.csproj", "{3F3A6387-DD5F-40A6-89D1-92653E4872D3}"
EndProject
Project("{9A19103F-16F7-4668-BE54-9A1E7A4F7556}") = "Bicep.Local.Deploy.IntegrationTests", "src\Bicep.Local.Deploy.IntegrationTests\Bicep.Local.Deploy.IntegrationTests.csproj", "{3F25D072-7A7E-419D-8425-6F2C7CF42BFD}"
EndProject
Project("{9A19103F-16F7-4668-BE54-9A1E7A4F7556}") = "Bicep.Local.Extension.Mock", "src\Bicep.Local.Extension.Mock\Bicep.Local.Extension.Mock.csproj", "{A7D359D9-654A-4FAF-9BC2-DA9667EF8756}"
EndProject
Project("{2150E333-8FDC-42A3-9474-1A3956D46DE8}") = "IO", "IO", "{83EF0BE8-E57C-499D-ABC8-019A7F68F407}"
EndProject
Project("{9A19103F-16F7-4668-BE54-9A1E7A4F7556}") = "Bicep.IO", "src\Bicep.IO\Bicep.IO.csproj", "{A8392FEA-CC1F-4630-85A0-E6BA97AD87D7}"
EndProject
Project("{FAE04EC0-301F-11D3-BF4B-00C04F79EFBC}") = "Bicep.IO.UnitTests", "src\Bicep.IO.UnitTests\Bicep.IO.UnitTests.csproj", "{69FC508E-6FE7-4C01-942F-F3BF0F3C68E3}"
EndProject
Project("{2150E333-8FDC-42A3-9474-1A3956D46DE8}") = "TestFixtures", "TestFixtures", "{02EA681E-C7D8-13C7-8484-4AC65E1B71E8}"
EndProject
Project("{FAE04EC0-301F-11D3-BF4B-00C04F79EFBC}") = "Bicep.TextFixtures", "src\Bicep.TestFixtures\Bicep.TextFixtures\Bicep.TextFixtures.csproj", "{AA960E8F-4186-4AFD-85FC-55996FAF70D8}"
EndProject
Project("{FAE04EC0-301F-11D3-BF4B-00C04F79EFBC}") = "Bicep.Local.Extension.UnitTests", "src\Bicep.Local.Extension.UnitTests\Bicep.Local.Extension.UnitTests.csproj", "{DB318A8A-4E80-4D70-A53C-1E69310C5E49}"
EndProject
Project("{2150E333-8FDC-42A3-9474-1A3956D46DE8}") = "src", "src", "{013E98B4-42CE-4009-BC62-2588ED9028CD}"
EndProject
Project("{FAE04EC0-301F-11D3-BF4B-00C04F79EFBC}") = "Bicep.McpServer", "src\Bicep.McpServer\Bicep.McpServer.csproj", "{83AC12EE-E6B5-45FA-AADF-68AB652CC804}"
EndProject
Project("{FAE04EC0-301F-11D3-BF4B-00C04F79EFBC}") = "Bicep.McpServer.UnitTests", "src\Bicep.McpServer.UnitTests\Bicep.McpServer.UnitTests.csproj", "{46780AD4-62F3-4AB4-9B3C-6A8AB305C260}"
EndProject
Project("{FAE04EC0-301F-11D3-BF4B-00C04F79EFBC}") = "Bicep.Local.Rpc", "src\Bicep.Local.Rpc\Bicep.Local.Rpc.csproj", "{8585C44C-5093-4A32-AABA-9EC7B8A6118C}"
EndProject
Project("{FAE04EC0-301F-11D3-BF4B-00C04F79EFBC}") = "Bicep.RpcClient", "src\Bicep.RpcClient\Bicep.RpcClient.csproj", "{EFC27293-4DBB-4D58-85E4-4B94A8F50C8B}"
EndProject
Project("{FAE04EC0-301F-11D3-BF4B-00C04F79EFBC}") = "Bicep.RpcClient.Tests", "src\Bicep.RpcClient.Tests\Bicep.RpcClient.Tests.csproj", "{930BA3F9-160A-4EB6-80DC-AABFDE3BB919}"
EndProject
Project("{FAE04EC0-301F-11D3-BF4B-00C04F79EFBC}") = "Bicep.MSBuild.UnitTests", "src\Bicep.MSBuild.UnitTests\Bicep.MSBuild.UnitTests.csproj", "{64F80A63-FF29-4B66-89EB-3F94A0F33E3B}"
EndProject
Global
	GlobalSection(SolutionConfigurationPlatforms) = preSolution
		Debug|Any CPU = Debug|Any CPU
		Release|Any CPU = Release|Any CPU
	EndGlobalSection
	GlobalSection(ProjectConfigurationPlatforms) = postSolution
		{58F20140-729B-41E0-91F0-7004C4E0CB1E}.Debug|Any CPU.ActiveCfg = Debug|Any CPU
		{58F20140-729B-41E0-91F0-7004C4E0CB1E}.Debug|Any CPU.Build.0 = Debug|Any CPU
		{58F20140-729B-41E0-91F0-7004C4E0CB1E}.Release|Any CPU.ActiveCfg = Release|Any CPU
		{58F20140-729B-41E0-91F0-7004C4E0CB1E}.Release|Any CPU.Build.0 = Release|Any CPU
		{6679B13D-BA2B-43C8-A548-6C6D22E19BE1}.Debug|Any CPU.ActiveCfg = Debug|Any CPU
		{6679B13D-BA2B-43C8-A548-6C6D22E19BE1}.Debug|Any CPU.Build.0 = Debug|Any CPU
		{6679B13D-BA2B-43C8-A548-6C6D22E19BE1}.Release|Any CPU.ActiveCfg = Release|Any CPU
		{6679B13D-BA2B-43C8-A548-6C6D22E19BE1}.Release|Any CPU.Build.0 = Release|Any CPU
		{D72C8232-24ED-4EDD-ABDB-16194681D9F2}.Debug|Any CPU.ActiveCfg = Debug|Any CPU
		{D72C8232-24ED-4EDD-ABDB-16194681D9F2}.Debug|Any CPU.Build.0 = Debug|Any CPU
		{D72C8232-24ED-4EDD-ABDB-16194681D9F2}.Release|Any CPU.ActiveCfg = Release|Any CPU
		{D72C8232-24ED-4EDD-ABDB-16194681D9F2}.Release|Any CPU.Build.0 = Release|Any CPU
		{F4AF2603-C020-4A57-A428-AF3EFED21544}.Debug|Any CPU.ActiveCfg = Debug|Any CPU
		{F4AF2603-C020-4A57-A428-AF3EFED21544}.Debug|Any CPU.Build.0 = Debug|Any CPU
		{F4AF2603-C020-4A57-A428-AF3EFED21544}.Release|Any CPU.ActiveCfg = Release|Any CPU
		{F4AF2603-C020-4A57-A428-AF3EFED21544}.Release|Any CPU.Build.0 = Release|Any CPU
		{087ADE61-3D39-4884-8258-40D7A7DD833F}.Debug|Any CPU.ActiveCfg = Debug|Any CPU
		{087ADE61-3D39-4884-8258-40D7A7DD833F}.Debug|Any CPU.Build.0 = Debug|Any CPU
		{087ADE61-3D39-4884-8258-40D7A7DD833F}.Release|Any CPU.ActiveCfg = Release|Any CPU
		{087ADE61-3D39-4884-8258-40D7A7DD833F}.Release|Any CPU.Build.0 = Release|Any CPU
		{166B8503-54F0-452F-88C5-1430BF05A604}.Debug|Any CPU.ActiveCfg = Debug|Any CPU
		{166B8503-54F0-452F-88C5-1430BF05A604}.Debug|Any CPU.Build.0 = Debug|Any CPU
		{166B8503-54F0-452F-88C5-1430BF05A604}.Release|Any CPU.ActiveCfg = Release|Any CPU
		{166B8503-54F0-452F-88C5-1430BF05A604}.Release|Any CPU.Build.0 = Release|Any CPU
		{F7B0F06D-56CE-4F4A-8EF9-ED6EC3D77EE7}.Debug|Any CPU.ActiveCfg = Debug|Any CPU
		{F7B0F06D-56CE-4F4A-8EF9-ED6EC3D77EE7}.Debug|Any CPU.Build.0 = Debug|Any CPU
		{F7B0F06D-56CE-4F4A-8EF9-ED6EC3D77EE7}.Release|Any CPU.ActiveCfg = Release|Any CPU
		{F7B0F06D-56CE-4F4A-8EF9-ED6EC3D77EE7}.Release|Any CPU.Build.0 = Release|Any CPU
		{A2E4B91C-3B7F-4CB1-B482-BE40F7709EB5}.Debug|Any CPU.ActiveCfg = Debug|Any CPU
		{A2E4B91C-3B7F-4CB1-B482-BE40F7709EB5}.Debug|Any CPU.Build.0 = Debug|Any CPU
		{A2E4B91C-3B7F-4CB1-B482-BE40F7709EB5}.Release|Any CPU.ActiveCfg = Release|Any CPU
		{A2E4B91C-3B7F-4CB1-B482-BE40F7709EB5}.Release|Any CPU.Build.0 = Release|Any CPU
		{29A1AE2B-D47D-41DD-9824-279475D9B6C2}.Debug|Any CPU.ActiveCfg = Debug|Any CPU
		{29A1AE2B-D47D-41DD-9824-279475D9B6C2}.Debug|Any CPU.Build.0 = Debug|Any CPU
		{29A1AE2B-D47D-41DD-9824-279475D9B6C2}.Release|Any CPU.ActiveCfg = Release|Any CPU
		{29A1AE2B-D47D-41DD-9824-279475D9B6C2}.Release|Any CPU.Build.0 = Release|Any CPU
		{0DE47D02-2BBE-4352-9E38-79A374F9C41E}.Debug|Any CPU.ActiveCfg = Debug|Any CPU
		{0DE47D02-2BBE-4352-9E38-79A374F9C41E}.Debug|Any CPU.Build.0 = Debug|Any CPU
		{0DE47D02-2BBE-4352-9E38-79A374F9C41E}.Release|Any CPU.ActiveCfg = Release|Any CPU
		{0DE47D02-2BBE-4352-9E38-79A374F9C41E}.Release|Any CPU.Build.0 = Release|Any CPU
		{34D7A843-55CB-4A3A-B268-2D4ABB7044D3}.Debug|Any CPU.ActiveCfg = Debug|Any CPU
		{34D7A843-55CB-4A3A-B268-2D4ABB7044D3}.Debug|Any CPU.Build.0 = Debug|Any CPU
		{34D7A843-55CB-4A3A-B268-2D4ABB7044D3}.Release|Any CPU.ActiveCfg = Release|Any CPU
		{34D7A843-55CB-4A3A-B268-2D4ABB7044D3}.Release|Any CPU.Build.0 = Release|Any CPU
		{4CD48B4A-6297-49FC-90AC-5DF9213C1527}.Debug|Any CPU.ActiveCfg = Debug|Any CPU
		{4CD48B4A-6297-49FC-90AC-5DF9213C1527}.Debug|Any CPU.Build.0 = Debug|Any CPU
		{4CD48B4A-6297-49FC-90AC-5DF9213C1527}.Release|Any CPU.ActiveCfg = Release|Any CPU
		{4CD48B4A-6297-49FC-90AC-5DF9213C1527}.Release|Any CPU.Build.0 = Release|Any CPU
		{695560CE-C6C3-4FCD-A488-09F06E608297}.Debug|Any CPU.ActiveCfg = Debug|Any CPU
		{695560CE-C6C3-4FCD-A488-09F06E608297}.Debug|Any CPU.Build.0 = Debug|Any CPU
		{695560CE-C6C3-4FCD-A488-09F06E608297}.Release|Any CPU.ActiveCfg = Release|Any CPU
		{695560CE-C6C3-4FCD-A488-09F06E608297}.Release|Any CPU.Build.0 = Release|Any CPU
		{F3AF01F6-24E8-4129-80B6-84AC070B5C7D}.Debug|Any CPU.ActiveCfg = Debug|Any CPU
		{F3AF01F6-24E8-4129-80B6-84AC070B5C7D}.Debug|Any CPU.Build.0 = Debug|Any CPU
		{F3AF01F6-24E8-4129-80B6-84AC070B5C7D}.Release|Any CPU.ActiveCfg = Release|Any CPU
		{F3AF01F6-24E8-4129-80B6-84AC070B5C7D}.Release|Any CPU.Build.0 = Release|Any CPU
		{61026689-70A0-403E-B616-DFAEEF259444}.Debug|Any CPU.ActiveCfg = Debug|Any CPU
		{61026689-70A0-403E-B616-DFAEEF259444}.Debug|Any CPU.Build.0 = Debug|Any CPU
		{61026689-70A0-403E-B616-DFAEEF259444}.Release|Any CPU.ActiveCfg = Release|Any CPU
		{61026689-70A0-403E-B616-DFAEEF259444}.Release|Any CPU.Build.0 = Release|Any CPU
		{DA24CBE9-E85F-4F0D-88D0-0EE5681B91D4}.Debug|Any CPU.ActiveCfg = Debug|Any CPU
		{DA24CBE9-E85F-4F0D-88D0-0EE5681B91D4}.Debug|Any CPU.Build.0 = Debug|Any CPU
		{DA24CBE9-E85F-4F0D-88D0-0EE5681B91D4}.Release|Any CPU.ActiveCfg = Release|Any CPU
		{DA24CBE9-E85F-4F0D-88D0-0EE5681B91D4}.Release|Any CPU.Build.0 = Release|Any CPU
		{58E2E0C3-059A-4B00-BCC1-66FE78946A9E}.Debug|Any CPU.ActiveCfg = Debug|Any CPU
		{58E2E0C3-059A-4B00-BCC1-66FE78946A9E}.Debug|Any CPU.Build.0 = Debug|Any CPU
		{58E2E0C3-059A-4B00-BCC1-66FE78946A9E}.Release|Any CPU.ActiveCfg = Release|Any CPU
		{58E2E0C3-059A-4B00-BCC1-66FE78946A9E}.Release|Any CPU.Build.0 = Release|Any CPU
		{8C2280F2-1E08-4022-B26B-59622DD8B126}.Debug|Any CPU.ActiveCfg = Debug|Any CPU
		{8C2280F2-1E08-4022-B26B-59622DD8B126}.Debug|Any CPU.Build.0 = Debug|Any CPU
		{8C2280F2-1E08-4022-B26B-59622DD8B126}.Release|Any CPU.ActiveCfg = Release|Any CPU
		{8C2280F2-1E08-4022-B26B-59622DD8B126}.Release|Any CPU.Build.0 = Release|Any CPU
		{9F596D8D-5CDB-4830-B73C-26C33C0227D7}.Debug|Any CPU.ActiveCfg = Debug|Any CPU
		{9F596D8D-5CDB-4830-B73C-26C33C0227D7}.Debug|Any CPU.Build.0 = Debug|Any CPU
		{9F596D8D-5CDB-4830-B73C-26C33C0227D7}.Release|Any CPU.ActiveCfg = Release|Any CPU
		{9F596D8D-5CDB-4830-B73C-26C33C0227D7}.Release|Any CPU.Build.0 = Release|Any CPU
		{A4127F6F-A282-47F3-BAFE-6A154F994B4E}.Debug|Any CPU.ActiveCfg = Debug|Any CPU
		{A4127F6F-A282-47F3-BAFE-6A154F994B4E}.Debug|Any CPU.Build.0 = Debug|Any CPU
		{A4127F6F-A282-47F3-BAFE-6A154F994B4E}.Release|Any CPU.ActiveCfg = Release|Any CPU
		{A4127F6F-A282-47F3-BAFE-6A154F994B4E}.Release|Any CPU.Build.0 = Release|Any CPU
		{E84C0368-0D02-4284-A3CB-110B14FA8314}.Debug|Any CPU.ActiveCfg = Debug|Any CPU
		{E84C0368-0D02-4284-A3CB-110B14FA8314}.Debug|Any CPU.Build.0 = Debug|Any CPU
		{E84C0368-0D02-4284-A3CB-110B14FA8314}.Release|Any CPU.ActiveCfg = Release|Any CPU
		{E84C0368-0D02-4284-A3CB-110B14FA8314}.Release|Any CPU.Build.0 = Release|Any CPU
		{3F3A6387-DD5F-40A6-89D1-92653E4872D3}.Debug|Any CPU.ActiveCfg = Debug|Any CPU
		{3F3A6387-DD5F-40A6-89D1-92653E4872D3}.Debug|Any CPU.Build.0 = Debug|Any CPU
		{3F3A6387-DD5F-40A6-89D1-92653E4872D3}.Release|Any CPU.ActiveCfg = Release|Any CPU
		{3F3A6387-DD5F-40A6-89D1-92653E4872D3}.Release|Any CPU.Build.0 = Release|Any CPU
		{3F25D072-7A7E-419D-8425-6F2C7CF42BFD}.Debug|Any CPU.ActiveCfg = Debug|Any CPU
		{3F25D072-7A7E-419D-8425-6F2C7CF42BFD}.Debug|Any CPU.Build.0 = Debug|Any CPU
		{3F25D072-7A7E-419D-8425-6F2C7CF42BFD}.Release|Any CPU.ActiveCfg = Release|Any CPU
		{3F25D072-7A7E-419D-8425-6F2C7CF42BFD}.Release|Any CPU.Build.0 = Release|Any CPU
		{A7D359D9-654A-4FAF-9BC2-DA9667EF8756}.Debug|Any CPU.ActiveCfg = Debug|Any CPU
		{A7D359D9-654A-4FAF-9BC2-DA9667EF8756}.Debug|Any CPU.Build.0 = Debug|Any CPU
		{A7D359D9-654A-4FAF-9BC2-DA9667EF8756}.Release|Any CPU.ActiveCfg = Release|Any CPU
		{A7D359D9-654A-4FAF-9BC2-DA9667EF8756}.Release|Any CPU.Build.0 = Release|Any CPU
		{A8392FEA-CC1F-4630-85A0-E6BA97AD87D7}.Debug|Any CPU.ActiveCfg = Debug|Any CPU
		{A8392FEA-CC1F-4630-85A0-E6BA97AD87D7}.Debug|Any CPU.Build.0 = Debug|Any CPU
		{A8392FEA-CC1F-4630-85A0-E6BA97AD87D7}.Release|Any CPU.ActiveCfg = Release|Any CPU
		{A8392FEA-CC1F-4630-85A0-E6BA97AD87D7}.Release|Any CPU.Build.0 = Release|Any CPU
		{69FC508E-6FE7-4C01-942F-F3BF0F3C68E3}.Debug|Any CPU.ActiveCfg = Debug|Any CPU
		{69FC508E-6FE7-4C01-942F-F3BF0F3C68E3}.Debug|Any CPU.Build.0 = Debug|Any CPU
		{69FC508E-6FE7-4C01-942F-F3BF0F3C68E3}.Release|Any CPU.ActiveCfg = Release|Any CPU
		{69FC508E-6FE7-4C01-942F-F3BF0F3C68E3}.Release|Any CPU.Build.0 = Release|Any CPU
		{AA960E8F-4186-4AFD-85FC-55996FAF70D8}.Debug|Any CPU.ActiveCfg = Debug|Any CPU
		{AA960E8F-4186-4AFD-85FC-55996FAF70D8}.Debug|Any CPU.Build.0 = Debug|Any CPU
		{AA960E8F-4186-4AFD-85FC-55996FAF70D8}.Release|Any CPU.ActiveCfg = Release|Any CPU
		{AA960E8F-4186-4AFD-85FC-55996FAF70D8}.Release|Any CPU.Build.0 = Release|Any CPU
		{DB318A8A-4E80-4D70-A53C-1E69310C5E49}.Debug|Any CPU.ActiveCfg = Debug|Any CPU
		{DB318A8A-4E80-4D70-A53C-1E69310C5E49}.Debug|Any CPU.Build.0 = Debug|Any CPU
		{DB318A8A-4E80-4D70-A53C-1E69310C5E49}.Release|Any CPU.ActiveCfg = Release|Any CPU
		{DB318A8A-4E80-4D70-A53C-1E69310C5E49}.Release|Any CPU.Build.0 = Release|Any CPU
		{83AC12EE-E6B5-45FA-AADF-68AB652CC804}.Debug|Any CPU.ActiveCfg = Debug|Any CPU
		{83AC12EE-E6B5-45FA-AADF-68AB652CC804}.Debug|Any CPU.Build.0 = Debug|Any CPU
		{83AC12EE-E6B5-45FA-AADF-68AB652CC804}.Release|Any CPU.ActiveCfg = Release|Any CPU
		{83AC12EE-E6B5-45FA-AADF-68AB652CC804}.Release|Any CPU.Build.0 = Release|Any CPU
		{46780AD4-62F3-4AB4-9B3C-6A8AB305C260}.Debug|Any CPU.ActiveCfg = Debug|Any CPU
		{46780AD4-62F3-4AB4-9B3C-6A8AB305C260}.Debug|Any CPU.Build.0 = Debug|Any CPU
		{46780AD4-62F3-4AB4-9B3C-6A8AB305C260}.Release|Any CPU.ActiveCfg = Release|Any CPU
		{46780AD4-62F3-4AB4-9B3C-6A8AB305C260}.Release|Any CPU.Build.0 = Release|Any CPU
		{8585C44C-5093-4A32-AABA-9EC7B8A6118C}.Debug|Any CPU.ActiveCfg = Debug|Any CPU
		{8585C44C-5093-4A32-AABA-9EC7B8A6118C}.Debug|Any CPU.Build.0 = Debug|Any CPU
		{8585C44C-5093-4A32-AABA-9EC7B8A6118C}.Release|Any CPU.ActiveCfg = Release|Any CPU
		{8585C44C-5093-4A32-AABA-9EC7B8A6118C}.Release|Any CPU.Build.0 = Release|Any CPU
		{EFC27293-4DBB-4D58-85E4-4B94A8F50C8B}.Debug|Any CPU.ActiveCfg = Debug|Any CPU
		{EFC27293-4DBB-4D58-85E4-4B94A8F50C8B}.Debug|Any CPU.Build.0 = Debug|Any CPU
		{EFC27293-4DBB-4D58-85E4-4B94A8F50C8B}.Release|Any CPU.ActiveCfg = Release|Any CPU
		{EFC27293-4DBB-4D58-85E4-4B94A8F50C8B}.Release|Any CPU.Build.0 = Release|Any CPU
		{930BA3F9-160A-4EB6-80DC-AABFDE3BB919}.Debug|Any CPU.ActiveCfg = Debug|Any CPU
		{930BA3F9-160A-4EB6-80DC-AABFDE3BB919}.Debug|Any CPU.Build.0 = Debug|Any CPU
		{930BA3F9-160A-4EB6-80DC-AABFDE3BB919}.Release|Any CPU.ActiveCfg = Release|Any CPU
		{930BA3F9-160A-4EB6-80DC-AABFDE3BB919}.Release|Any CPU.Build.0 = Release|Any CPU
		{64F80A63-FF29-4B66-89EB-3F94A0F33E3B}.Debug|Any CPU.ActiveCfg = Debug|Any CPU
		{64F80A63-FF29-4B66-89EB-3F94A0F33E3B}.Debug|Any CPU.Build.0 = Debug|Any CPU
		{64F80A63-FF29-4B66-89EB-3F94A0F33E3B}.Release|Any CPU.ActiveCfg = Release|Any CPU
		{64F80A63-FF29-4B66-89EB-3F94A0F33E3B}.Release|Any CPU.Build.0 = Release|Any CPU
	EndGlobalSection
	GlobalSection(SolutionProperties) = preSolution
		HideSolutionNode = FALSE
	EndGlobalSection
	GlobalSection(NestedProjects) = preSolution
		{58F20140-729B-41E0-91F0-7004C4E0CB1E} = {B02251C3-B01E-40EB-B145-2B03F25FE653}
		{6679B13D-BA2B-43C8-A548-6C6D22E19BE1} = {9EBF2BF0-C968-4029-B21D-214D195EA148}
		{D72C8232-24ED-4EDD-ABDB-16194681D9F2} = {FE323E78-E865-46E2-859A-E4F6FB312C0F}
		{F4AF2603-C020-4A57-A428-AF3EFED21544} = {76F6CBAF-FE81-4B56-B0DB-DE6FD7174771}
		{087ADE61-3D39-4884-8258-40D7A7DD833F} = {FE323E78-E865-46E2-859A-E4F6FB312C0F}
		{166B8503-54F0-452F-88C5-1430BF05A604} = {FE323E78-E865-46E2-859A-E4F6FB312C0F}
		{F7B0F06D-56CE-4F4A-8EF9-ED6EC3D77EE7} = {76F6CBAF-FE81-4B56-B0DB-DE6FD7174771}
		{A2E4B91C-3B7F-4CB1-B482-BE40F7709EB5} = {FE323E78-E865-46E2-859A-E4F6FB312C0F}
		{29A1AE2B-D47D-41DD-9824-279475D9B6C2} = {B02251C3-B01E-40EB-B145-2B03F25FE653}
		{0DE47D02-2BBE-4352-9E38-79A374F9C41E} = {76F6CBAF-FE81-4B56-B0DB-DE6FD7174771}
		{34D7A843-55CB-4A3A-B268-2D4ABB7044D3} = {B02251C3-B01E-40EB-B145-2B03F25FE653}
		{4CD48B4A-6297-49FC-90AC-5DF9213C1527} = {61643BA1-BE82-4430-A3D3-CB7A16E747E3}
		{695560CE-C6C3-4FCD-A488-09F06E608297} = {61643BA1-BE82-4430-A3D3-CB7A16E747E3}
		{F3AF01F6-24E8-4129-80B6-84AC070B5C7D} = {61643BA1-BE82-4430-A3D3-CB7A16E747E3}
		{61026689-70A0-403E-B616-DFAEEF259444} = {38A0A11F-72BD-4512-A4A9-AC953936C09F}
		{DA24CBE9-E85F-4F0D-88D0-0EE5681B91D4} = {90126655-7A34-4F5B-A41A-50A468F4632D}
		{58E2E0C3-059A-4B00-BCC1-66FE78946A9E} = {90126655-7A34-4F5B-A41A-50A468F4632D}
		{8C2280F2-1E08-4022-B26B-59622DD8B126} = {90126655-7A34-4F5B-A41A-50A468F4632D}
		{9F596D8D-5CDB-4830-B73C-26C33C0227D7} = {90126655-7A34-4F5B-A41A-50A468F4632D}
		{A4127F6F-A282-47F3-BAFE-6A154F994B4E} = {C6CAFEE8-7779-4F48-BEA1-D59D3CD91A56}
		{E84C0368-0D02-4284-A3CB-110B14FA8314} = {8F8DCFBC-A0DC-4E40-93C8-B4FB99FBD757}
		{3F3A6387-DD5F-40A6-89D1-92653E4872D3} = {8F8DCFBC-A0DC-4E40-93C8-B4FB99FBD757}
		{3F25D072-7A7E-419D-8425-6F2C7CF42BFD} = {8F8DCFBC-A0DC-4E40-93C8-B4FB99FBD757}
		{A7D359D9-654A-4FAF-9BC2-DA9667EF8756} = {8F8DCFBC-A0DC-4E40-93C8-B4FB99FBD757}
		{A8392FEA-CC1F-4630-85A0-E6BA97AD87D7} = {83EF0BE8-E57C-499D-ABC8-019A7F68F407}
		{69FC508E-6FE7-4C01-942F-F3BF0F3C68E3} = {83EF0BE8-E57C-499D-ABC8-019A7F68F407}
		{AA960E8F-4186-4AFD-85FC-55996FAF70D8} = {02EA681E-C7D8-13C7-8484-4AC65E1B71E8}
		{DB318A8A-4E80-4D70-A53C-1E69310C5E49} = {8F8DCFBC-A0DC-4E40-93C8-B4FB99FBD757}
		{83AC12EE-E6B5-45FA-AADF-68AB652CC804} = {013E98B4-42CE-4009-BC62-2588ED9028CD}
		{46780AD4-62F3-4AB4-9B3C-6A8AB305C260} = {013E98B4-42CE-4009-BC62-2588ED9028CD}
		{8585C44C-5093-4A32-AABA-9EC7B8A6118C} = {013E98B4-42CE-4009-BC62-2588ED9028CD}
		{EFC27293-4DBB-4D58-85E4-4B94A8F50C8B} = {013E98B4-42CE-4009-BC62-2588ED9028CD}
		{930BA3F9-160A-4EB6-80DC-AABFDE3BB919} = {013E98B4-42CE-4009-BC62-2588ED9028CD}
		{64F80A63-FF29-4B66-89EB-3F94A0F33E3B} = {38A0A11F-72BD-4512-A4A9-AC953936C09F}
	EndGlobalSection
	GlobalSection(ExtensibilityGlobals) = postSolution
		SolutionGuid = {21F77282-91E7-4304-B1EF-FADFA4F39E37}
	EndGlobalSection
EndGlobal
