
Microsoft Visual Studio Solution File, Format Version 12.00
# Visual Studio Version 16
VisualStudioVersion = 16.0.30011.22
MinimumVisualStudioVersion = 10.0.40219.1
Project("{9A19103F-16F7-4668-BE54-9A1E7A4F7556}") = "Bicep.Cli", "src\Bicep.Cli\Bicep.Cli.csproj", "{58F20140-729B-41E0-91F0-7004C4E0CB1E}"
EndProject
Project("{9A19103F-16F7-4668-BE54-9A1E7A4F7556}") = "Bicep.Wasm", "src\Bicep.Wasm\Bicep.Wasm.csproj", "{6679B13D-BA2B-43C8-A548-6C6D22E19BE1}"
EndProject
Project("{9A19103F-16F7-4668-BE54-9A1E7A4F7556}") = "Bicep.Core", "src\Bicep.Core\Bicep.Core.csproj", "{D72C8232-24ED-4EDD-ABDB-16194681D9F2}"
EndProject
Project("{9A19103F-16F7-4668-BE54-9A1E7A4F7556}") = "Bicep.LangServer", "src\Bicep.LangServer\Bicep.LangServer.csproj", "{F4AF2603-C020-4A57-A428-AF3EFED21544}"
EndProject
Project("{2150E333-8FDC-42A3-9474-1A3956D46DE8}") = "CLI", "CLI", "{B02251C3-B01E-40EB-B145-2B03F25FE653}"
EndProject
Project("{2150E333-8FDC-42A3-9474-1A3956D46DE8}") = "Core", "Core", "{FE323E78-E865-46E2-859A-E4F6FB312C0F}"
EndProject
Project("{2150E333-8FDC-42A3-9474-1A3956D46DE8}") = "LanguageServer", "LanguageServer", "{76F6CBAF-FE81-4B56-B0DB-DE6FD7174771}"
EndProject
Project("{2150E333-8FDC-42A3-9474-1A3956D46DE8}") = "Web", "Web", "{9EBF2BF0-C968-4029-B21D-214D195EA148}"
EndProject
Project("{9A19103F-16F7-4668-BE54-9A1E7A4F7556}") = "Bicep.Core.IntegrationTests", "src\Bicep.Core.IntegrationTests\Bicep.Core.IntegrationTests.csproj", "{087ADE61-3D39-4884-8258-40D7A7DD833F}"
EndProject
Project("{9A19103F-16F7-4668-BE54-9A1E7A4F7556}") = "Bicep.Core.UnitTests", "src\Bicep.Core.UnitTests\Bicep.Core.UnitTests.csproj", "{166B8503-54F0-452F-88C5-1430BF05A604}"
EndProject
Project("{9A19103F-16F7-4668-BE54-9A1E7A4F7556}") = "Bicep.LangServer.UnitTests", "src\Bicep.LangServer.UnitTests\Bicep.LangServer.UnitTests.csproj", "{F7B0F06D-56CE-4F4A-8EF9-ED6EC3D77EE7}"
EndProject
Project("{9A19103F-16F7-4668-BE54-9A1E7A4F7556}") = "Bicep.Core.Samples", "src\Bicep.Core.Samples\Bicep.Core.Samples.csproj", "{A2E4B91C-3B7F-4CB1-B482-BE40F7709EB5}"
EndProject
Project("{9A19103F-16F7-4668-BE54-9A1E7A4F7556}") = "Bicep.Cli.UnitTests", "src\Bicep.Cli.UnitTests\Bicep.Cli.UnitTests.csproj", "{29A1AE2B-D47D-41DD-9824-279475D9B6C2}"
EndProject
Project("{9A19103F-16F7-4668-BE54-9A1E7A4F7556}") = "Bicep.LangServer.IntegrationTests", "src\Bicep.LangServer.IntegrationTests\Bicep.LangServer.IntegrationTests.csproj", "{0DE47D02-2BBE-4352-9E38-79A374F9C41E}"
EndProject
Project("{9A19103F-16F7-4668-BE54-9A1E7A4F7556}") = "Bicep.Cli.IntegrationTests", "src\Bicep.Cli.IntegrationTests\Bicep.Cli.IntegrationTests.csproj", "{34D7A843-55CB-4A3A-B268-2D4ABB7044D3}"
EndProject
Project("{2150E333-8FDC-42A3-9474-1A3956D46DE8}") = "Decompiler", "Decompiler", "{61643BA1-BE82-4430-A3D3-CB7A16E747E3}"
EndProject
Project("{9A19103F-16F7-4668-BE54-9A1E7A4F7556}") = "Bicep.Decompiler", "src\Bicep.Decompiler\Bicep.Decompiler.csproj", "{4CD48B4A-6297-49FC-90AC-5DF9213C1527}"
EndProject
Project("{9A19103F-16F7-4668-BE54-9A1E7A4F7556}") = "Bicep.Decompiler.IntegrationTests", "src\Bicep.Decompiler.IntegrationTests\Bicep.Decompiler.IntegrationTests.csproj", "{695560CE-C6C3-4FCD-A488-09F06E608297}"
EndProject
Project("{9A19103F-16F7-4668-BE54-9A1E7A4F7556}") = "Bicep.Decompiler.UnitTests", "src\Bicep.Decompiler.UnitTests\Bicep.Decompiler.UnitTests.csproj", "{F3AF01F6-24E8-4129-80B6-84AC070B5C7D}"
EndProject
Project("{2150E333-8FDC-42A3-9474-1A3956D46DE8}") = "_SolutionItems", "_SolutionItems", "{594DDE3F-3A55-47BD-84AF-BAF8B2F8B4C3}"
	ProjectSection(SolutionItems) = preProject
		.gitattributes = .gitattributes
		.gitignore = .gitignore
		azure-pipelines.yml = azure-pipelines.yml
		CODE_OF_CONDUCT.md = CODE_OF_CONDUCT.md
		CONTRIBUTING.md = CONTRIBUTING.md
		global.json = global.json
		LICENSE = LICENSE
		NuGet.config = NuGet.config
		README.md = README.md
		SECURITY.md = SECURITY.md
	EndProjectSection
EndProject
Project("{2150E333-8FDC-42A3-9474-1A3956D46DE8}") = "scripts", "scripts", "{895557F9-3D8B-4752-878A-5F0AAF2E405C}"
	ProjectSection(SolutionItems) = preProject
		scripts\bcode.ps1 = scripts\bcode.ps1
		scripts\SetBaseline.ps1 = scripts\SetBaseline.ps1
	EndProjectSection
EndProject
Project("{2150E333-8FDC-42A3-9474-1A3956D46DE8}") = "Solution Items", "Solution Items", "{78549F2A-4BF8-4105-B4BB-EF8B2EF0ACCD}"
	ProjectSection(SolutionItems) = preProject
		.editorconfig = .editorconfig
	EndProjectSection
EndProject
Project("{2150E333-8FDC-42A3-9474-1A3956D46DE8}") = "MSBuild", "MSBuild", "{38A0A11F-72BD-4512-A4A9-AC953936C09F}"
EndProject
Project("{9A19103F-16F7-4668-BE54-9A1E7A4F7556}") = "Bicep.MSBuild", "src\Bicep.MSBuild\Bicep.MSBuild.csproj", "{61026689-70A0-403E-B616-DFAEEF259444}"
EndProject
Project("{9A19103F-16F7-4668-BE54-9A1E7A4F7556}") = "Bicep.Core.RegistryClient", "src\Bicep.Core.RegistryClient\Bicep.Core.RegistryClient.csproj", "{AA51BD66-BD30-432C-82B6-C783F232D989}"
EndProject
Global
	GlobalSection(SolutionConfigurationPlatforms) = preSolution
		Debug|Any CPU = Debug|Any CPU
		Release|Any CPU = Release|Any CPU
	EndGlobalSection
	GlobalSection(ProjectConfigurationPlatforms) = postSolution
		{58F20140-729B-41E0-91F0-7004C4E0CB1E}.Debug|Any CPU.ActiveCfg = Debug|Any CPU
		{58F20140-729B-41E0-91F0-7004C4E0CB1E}.Debug|Any CPU.Build.0 = Debug|Any CPU
		{58F20140-729B-41E0-91F0-7004C4E0CB1E}.Release|Any CPU.ActiveCfg = Release|Any CPU
		{58F20140-729B-41E0-91F0-7004C4E0CB1E}.Release|Any CPU.Build.0 = Release|Any CPU
		{6679B13D-BA2B-43C8-A548-6C6D22E19BE1}.Debug|Any CPU.ActiveCfg = Debug|Any CPU
		{6679B13D-BA2B-43C8-A548-6C6D22E19BE1}.Debug|Any CPU.Build.0 = Debug|Any CPU
		{6679B13D-BA2B-43C8-A548-6C6D22E19BE1}.Release|Any CPU.ActiveCfg = Release|Any CPU
		{6679B13D-BA2B-43C8-A548-6C6D22E19BE1}.Release|Any CPU.Build.0 = Release|Any CPU
		{D72C8232-24ED-4EDD-ABDB-16194681D9F2}.Debug|Any CPU.ActiveCfg = Debug|Any CPU
		{D72C8232-24ED-4EDD-ABDB-16194681D9F2}.Debug|Any CPU.Build.0 = Debug|Any CPU
		{D72C8232-24ED-4EDD-ABDB-16194681D9F2}.Release|Any CPU.ActiveCfg = Release|Any CPU
		{D72C8232-24ED-4EDD-ABDB-16194681D9F2}.Release|Any CPU.Build.0 = Release|Any CPU
		{F4AF2603-C020-4A57-A428-AF3EFED21544}.Debug|Any CPU.ActiveCfg = Debug|Any CPU
		{F4AF2603-C020-4A57-A428-AF3EFED21544}.Debug|Any CPU.Build.0 = Debug|Any CPU
		{F4AF2603-C020-4A57-A428-AF3EFED21544}.Release|Any CPU.ActiveCfg = Release|Any CPU
		{F4AF2603-C020-4A57-A428-AF3EFED21544}.Release|Any CPU.Build.0 = Release|Any CPU
		{087ADE61-3D39-4884-8258-40D7A7DD833F}.Debug|Any CPU.ActiveCfg = Debug|Any CPU
		{087ADE61-3D39-4884-8258-40D7A7DD833F}.Debug|Any CPU.Build.0 = Debug|Any CPU
		{087ADE61-3D39-4884-8258-40D7A7DD833F}.Release|Any CPU.ActiveCfg = Release|Any CPU
		{087ADE61-3D39-4884-8258-40D7A7DD833F}.Release|Any CPU.Build.0 = Release|Any CPU
		{166B8503-54F0-452F-88C5-1430BF05A604}.Debug|Any CPU.ActiveCfg = Debug|Any CPU
		{166B8503-54F0-452F-88C5-1430BF05A604}.Debug|Any CPU.Build.0 = Debug|Any CPU
		{166B8503-54F0-452F-88C5-1430BF05A604}.Release|Any CPU.ActiveCfg = Release|Any CPU
		{166B8503-54F0-452F-88C5-1430BF05A604}.Release|Any CPU.Build.0 = Release|Any CPU
		{F7B0F06D-56CE-4F4A-8EF9-ED6EC3D77EE7}.Debug|Any CPU.ActiveCfg = Debug|Any CPU
		{F7B0F06D-56CE-4F4A-8EF9-ED6EC3D77EE7}.Debug|Any CPU.Build.0 = Debug|Any CPU
		{F7B0F06D-56CE-4F4A-8EF9-ED6EC3D77EE7}.Release|Any CPU.ActiveCfg = Release|Any CPU
		{F7B0F06D-56CE-4F4A-8EF9-ED6EC3D77EE7}.Release|Any CPU.Build.0 = Release|Any CPU
		{A2E4B91C-3B7F-4CB1-B482-BE40F7709EB5}.Debug|Any CPU.ActiveCfg = Debug|Any CPU
		{A2E4B91C-3B7F-4CB1-B482-BE40F7709EB5}.Debug|Any CPU.Build.0 = Debug|Any CPU
		{A2E4B91C-3B7F-4CB1-B482-BE40F7709EB5}.Release|Any CPU.ActiveCfg = Release|Any CPU
		{A2E4B91C-3B7F-4CB1-B482-BE40F7709EB5}.Release|Any CPU.Build.0 = Release|Any CPU
		{29A1AE2B-D47D-41DD-9824-279475D9B6C2}.Debug|Any CPU.ActiveCfg = Debug|Any CPU
		{29A1AE2B-D47D-41DD-9824-279475D9B6C2}.Debug|Any CPU.Build.0 = Debug|Any CPU
		{29A1AE2B-D47D-41DD-9824-279475D9B6C2}.Release|Any CPU.ActiveCfg = Release|Any CPU
		{29A1AE2B-D47D-41DD-9824-279475D9B6C2}.Release|Any CPU.Build.0 = Release|Any CPU
		{0DE47D02-2BBE-4352-9E38-79A374F9C41E}.Debug|Any CPU.ActiveCfg = Debug|Any CPU
		{0DE47D02-2BBE-4352-9E38-79A374F9C41E}.Debug|Any CPU.Build.0 = Debug|Any CPU
		{0DE47D02-2BBE-4352-9E38-79A374F9C41E}.Release|Any CPU.ActiveCfg = Release|Any CPU
		{0DE47D02-2BBE-4352-9E38-79A374F9C41E}.Release|Any CPU.Build.0 = Release|Any CPU
		{34D7A843-55CB-4A3A-B268-2D4ABB7044D3}.Debug|Any CPU.ActiveCfg = Debug|Any CPU
		{34D7A843-55CB-4A3A-B268-2D4ABB7044D3}.Debug|Any CPU.Build.0 = Debug|Any CPU
		{34D7A843-55CB-4A3A-B268-2D4ABB7044D3}.Release|Any CPU.ActiveCfg = Release|Any CPU
		{34D7A843-55CB-4A3A-B268-2D4ABB7044D3}.Release|Any CPU.Build.0 = Release|Any CPU
		{4CD48B4A-6297-49FC-90AC-5DF9213C1527}.Debug|Any CPU.ActiveCfg = Debug|Any CPU
		{4CD48B4A-6297-49FC-90AC-5DF9213C1527}.Debug|Any CPU.Build.0 = Debug|Any CPU
		{4CD48B4A-6297-49FC-90AC-5DF9213C1527}.Release|Any CPU.ActiveCfg = Release|Any CPU
		{4CD48B4A-6297-49FC-90AC-5DF9213C1527}.Release|Any CPU.Build.0 = Release|Any CPU
		{695560CE-C6C3-4FCD-A488-09F06E608297}.Debug|Any CPU.ActiveCfg = Debug|Any CPU
		{695560CE-C6C3-4FCD-A488-09F06E608297}.Debug|Any CPU.Build.0 = Debug|Any CPU
		{695560CE-C6C3-4FCD-A488-09F06E608297}.Release|Any CPU.ActiveCfg = Release|Any CPU
		{695560CE-C6C3-4FCD-A488-09F06E608297}.Release|Any CPU.Build.0 = Release|Any CPU
		{F3AF01F6-24E8-4129-80B6-84AC070B5C7D}.Debug|Any CPU.ActiveCfg = Debug|Any CPU
		{F3AF01F6-24E8-4129-80B6-84AC070B5C7D}.Debug|Any CPU.Build.0 = Debug|Any CPU
		{F3AF01F6-24E8-4129-80B6-84AC070B5C7D}.Release|Any CPU.ActiveCfg = Release|Any CPU
		{F3AF01F6-24E8-4129-80B6-84AC070B5C7D}.Release|Any CPU.Build.0 = Release|Any CPU
		{61026689-70A0-403E-B616-DFAEEF259444}.Debug|Any CPU.ActiveCfg = Debug|Any CPU
		{61026689-70A0-403E-B616-DFAEEF259444}.Debug|Any CPU.Build.0 = Debug|Any CPU
		{61026689-70A0-403E-B616-DFAEEF259444}.Release|Any CPU.ActiveCfg = Release|Any CPU
		{61026689-70A0-403E-B616-DFAEEF259444}.Release|Any CPU.Build.0 = Release|Any CPU
		{AA51BD66-BD30-432C-82B6-C783F232D989}.Debug|Any CPU.ActiveCfg = Debug|Any CPU
		{AA51BD66-BD30-432C-82B6-C783F232D989}.Debug|Any CPU.Build.0 = Debug|Any CPU
		{AA51BD66-BD30-432C-82B6-C783F232D989}.Release|Any CPU.ActiveCfg = Release|Any CPU
		{AA51BD66-BD30-432C-82B6-C783F232D989}.Release|Any CPU.Build.0 = Release|Any CPU
	EndGlobalSection
	GlobalSection(SolutionProperties) = preSolution
		HideSolutionNode = FALSE
	EndGlobalSection
	GlobalSection(NestedProjects) = preSolution
		{58F20140-729B-41E0-91F0-7004C4E0CB1E} = {B02251C3-B01E-40EB-B145-2B03F25FE653}
		{6679B13D-BA2B-43C8-A548-6C6D22E19BE1} = {9EBF2BF0-C968-4029-B21D-214D195EA148}
		{D72C8232-24ED-4EDD-ABDB-16194681D9F2} = {FE323E78-E865-46E2-859A-E4F6FB312C0F}
		{F4AF2603-C020-4A57-A428-AF3EFED21544} = {76F6CBAF-FE81-4B56-B0DB-DE6FD7174771}
		{087ADE61-3D39-4884-8258-40D7A7DD833F} = {FE323E78-E865-46E2-859A-E4F6FB312C0F}
		{166B8503-54F0-452F-88C5-1430BF05A604} = {FE323E78-E865-46E2-859A-E4F6FB312C0F}
		{F7B0F06D-56CE-4F4A-8EF9-ED6EC3D77EE7} = {76F6CBAF-FE81-4B56-B0DB-DE6FD7174771}
		{A2E4B91C-3B7F-4CB1-B482-BE40F7709EB5} = {FE323E78-E865-46E2-859A-E4F6FB312C0F}
		{29A1AE2B-D47D-41DD-9824-279475D9B6C2} = {B02251C3-B01E-40EB-B145-2B03F25FE653}
		{0DE47D02-2BBE-4352-9E38-79A374F9C41E} = {76F6CBAF-FE81-4B56-B0DB-DE6FD7174771}
		{34D7A843-55CB-4A3A-B268-2D4ABB7044D3} = {B02251C3-B01E-40EB-B145-2B03F25FE653}
		{4CD48B4A-6297-49FC-90AC-5DF9213C1527} = {61643BA1-BE82-4430-A3D3-CB7A16E747E3}
		{695560CE-C6C3-4FCD-A488-09F06E608297} = {61643BA1-BE82-4430-A3D3-CB7A16E747E3}
		{F3AF01F6-24E8-4129-80B6-84AC070B5C7D} = {61643BA1-BE82-4430-A3D3-CB7A16E747E3}
		{61026689-70A0-403E-B616-DFAEEF259444} = {38A0A11F-72BD-4512-A4A9-AC953936C09F}
		{AA51BD66-BD30-432C-82B6-C783F232D989} = {FE323E78-E865-46E2-859A-E4F6FB312C0F}
	EndGlobalSection
	GlobalSection(ExtensibilityGlobals) = postSolution
		SolutionGuid = {21F77282-91E7-4304-B1EF-FADFA4F39E37}
	EndGlobalSection
EndGlobal
