
Microsoft Visual Studio Solution File, Format Version 12.00
# Visual Studio Version 17
VisualStudioVersion = 17.0.31815.197
MinimumVisualStudioVersion = 10.0.40219.1
Project("{FAE04EC0-301F-11D3-BF4B-00C04F79EFBC}") = "Bicep.VSLanguageServerClient.Vsix", "Bicep.VSLanguageServerClient.Vsix\Bicep.VSLanguageServerClient.Vsix.csproj", "{A722010A-27D3-433E-8469-465E72AB0E8E}"
EndProject
Project("{9A19103F-16F7-4668-BE54-9A1E7A4F7556}") = "Bicep.VSLanguageServerClient", "Bicep.VSLanguageServerClient\Bicep.VSLanguageServerClient.csproj", "{BA111680-4C30-4CF9-A495-871066189984}"
EndProject
Project("{9A19103F-16F7-4668-BE54-9A1E7A4F7556}") = "Bicep.VSLanguageServerClient.UnitTests", "Bicep.VSLanguageServerClient.UnitTests\Bicep.VSLanguageServerClient.UnitTests.csproj", "{5EE062CF-BC61-412E-8757-740FC39655E1}"
EndProject
Project("{9A19103F-16F7-4668-BE54-9A1E7A4F7556}") = "Bicep.VSLanguageServerClient.IntegrationTests", "Bicep.VSLanguageServerClient.IntegrationTests\Bicep.VSLanguageServerClient.IntegrationTests.csproj", "{F2815825-F0C7-4E5E-84AE-6D5E7663D988}"
EndProject
Project("{FAE04EC0-301F-11D3-BF4B-00C04F79EFBC}") = "Bicep.VSLanguageServerClient.ItemTemplate", "Bicep.VSLanguageServerClient.ItemTemplate\Bicep.VSLanguageServerClient.ItemTemplate.csproj", "{722933EA-087F-487D-800C-7800EF6FAE0C}"
EndProject
Project("{FAE04EC0-301F-11D3-BF4B-00C04F79EFBC}") = "Bicep.VSLanguageServerClient.TestServices", "Bicep.VSLanguageServerClient.TestServices\Bicep.VSLanguageServerClient.TestServices.csproj", "{CDF144E7-2C02-4D0E-8905-9B906DFA6C1B}"
EndProject
Global
	GlobalSection(SolutionConfigurationPlatforms) = preSolution
		Debug|Any CPU = Debug|Any CPU
		Debug|x86 = Debug|x86
		Release|Any CPU = Release|Any CPU
		Release|x86 = Release|x86
	EndGlobalSection
	GlobalSection(ProjectConfigurationPlatforms) = postSolution
		{A722010A-27D3-433E-8469-465E72AB0E8E}.Debug|Any CPU.ActiveCfg = Debug|Any CPU
		{A722010A-27D3-433E-8469-465E72AB0E8E}.Debug|Any CPU.Build.0 = Debug|Any CPU
		{A722010A-27D3-433E-8469-465E72AB0E8E}.Debug|x86.ActiveCfg = Debug|x86
		{A722010A-27D3-433E-8469-465E72AB0E8E}.Debug|x86.Build.0 = Debug|x86
		{A722010A-27D3-433E-8469-465E72AB0E8E}.Release|Any CPU.ActiveCfg = Release|Any CPU
		{A722010A-27D3-433E-8469-465E72AB0E8E}.Release|Any CPU.Build.0 = Release|Any CPU
		{A722010A-27D3-433E-8469-465E72AB0E8E}.Release|x86.ActiveCfg = Release|x86
		{A722010A-27D3-433E-8469-465E72AB0E8E}.Release|x86.Build.0 = Release|x86
		{BA111680-4C30-4CF9-A495-871066189984}.Debug|Any CPU.ActiveCfg = Debug|Any CPU
		{BA111680-4C30-4CF9-A495-871066189984}.Debug|Any CPU.Build.0 = Debug|Any CPU
		{BA111680-4C30-4CF9-A495-871066189984}.Debug|x86.ActiveCfg = Debug|Any CPU
		{BA111680-4C30-4CF9-A495-871066189984}.Debug|x86.Build.0 = Debug|Any CPU
		{BA111680-4C30-4CF9-A495-871066189984}.Release|Any CPU.ActiveCfg = Release|Any CPU
		{BA111680-4C30-4CF9-A495-871066189984}.Release|Any CPU.Build.0 = Release|Any CPU
		{BA111680-4C30-4CF9-A495-871066189984}.Release|x86.ActiveCfg = Release|Any CPU
		{BA111680-4C30-4CF9-A495-871066189984}.Release|x86.Build.0 = Release|Any CPU
		{5EE062CF-BC61-412E-8757-740FC39655E1}.Debug|Any CPU.ActiveCfg = Debug|Any CPU
		{5EE062CF-BC61-412E-8757-740FC39655E1}.Debug|Any CPU.Build.0 = Debug|Any CPU
		{5EE062CF-BC61-412E-8757-740FC39655E1}.Debug|x86.ActiveCfg = Debug|Any CPU
		{5EE062CF-BC61-412E-8757-740FC39655E1}.Debug|x86.Build.0 = Debug|Any CPU
		{5EE062CF-BC61-412E-8757-740FC39655E1}.Release|Any CPU.ActiveCfg = Release|Any CPU
		{5EE062CF-BC61-412E-8757-740FC39655E1}.Release|Any CPU.Build.0 = Release|Any CPU
		{5EE062CF-BC61-412E-8757-740FC39655E1}.Release|x86.ActiveCfg = Release|Any CPU
		{5EE062CF-BC61-412E-8757-740FC39655E1}.Release|x86.Build.0 = Release|Any CPU
		{F2815825-F0C7-4E5E-84AE-6D5E7663D988}.Debug|Any CPU.ActiveCfg = Debug|Any CPU
		{F2815825-F0C7-4E5E-84AE-6D5E7663D988}.Debug|Any CPU.Build.0 = Debug|Any CPU
		{F2815825-F0C7-4E5E-84AE-6D5E7663D988}.Debug|x86.ActiveCfg = Debug|Any CPU
		{F2815825-F0C7-4E5E-84AE-6D5E7663D988}.Debug|x86.Build.0 = Debug|Any CPU
		{F2815825-F0C7-4E5E-84AE-6D5E7663D988}.Release|Any CPU.ActiveCfg = Release|Any CPU
		{F2815825-F0C7-4E5E-84AE-6D5E7663D988}.Release|Any CPU.Build.0 = Release|Any CPU
		{F2815825-F0C7-4E5E-84AE-6D5E7663D988}.Release|x86.ActiveCfg = Release|Any CPU
		{F2815825-F0C7-4E5E-84AE-6D5E7663D988}.Release|x86.Build.0 = Release|Any CPU
		{722933EA-087F-487D-800C-7800EF6FAE0C}.Debug|Any CPU.ActiveCfg = Debug|Any CPU
		{722933EA-087F-487D-800C-7800EF6FAE0C}.Debug|Any CPU.Build.0 = Debug|Any CPU
		{722933EA-087F-487D-800C-7800EF6FAE0C}.Debug|x86.ActiveCfg = Debug|x86
		{722933EA-087F-487D-800C-7800EF6FAE0C}.Debug|x86.Build.0 = Debug|x86
		{722933EA-087F-487D-800C-7800EF6FAE0C}.Release|Any CPU.ActiveCfg = Release|Any CPU
		{722933EA-087F-487D-800C-7800EF6FAE0C}.Release|Any CPU.Build.0 = Release|Any CPU
		{722933EA-087F-487D-800C-7800EF6FAE0C}.Release|x86.ActiveCfg = Release|x86
		{722933EA-087F-487D-800C-7800EF6FAE0C}.Release|x86.Build.0 = Release|x86
		{CDF144E7-2C02-4D0E-8905-9B906DFA6C1B}.Debug|Any CPU.ActiveCfg = Debug|Any CPU
		{CDF144E7-2C02-4D0E-8905-9B906DFA6C1B}.Debug|Any CPU.Build.0 = Debug|Any CPU
		{CDF144E7-2C02-4D0E-8905-9B906DFA6C1B}.Debug|x86.ActiveCfg = Debug|Any CPU
		{CDF144E7-2C02-4D0E-8905-9B906DFA6C1B}.Debug|x86.Build.0 = Debug|Any CPU
		{CDF144E7-2C02-4D0E-8905-9B906DFA6C1B}.Release|Any CPU.ActiveCfg = Release|Any CPU
		{CDF144E7-2C02-4D0E-8905-9B906DFA6C1B}.Release|Any CPU.Build.0 = Release|Any CPU
		{CDF144E7-2C02-4D0E-8905-9B906DFA6C1B}.Release|x86.ActiveCfg = Release|Any CPU
		{CDF144E7-2C02-4D0E-8905-9B906DFA6C1B}.Release|x86.Build.0 = Release|Any CPU
	EndGlobalSection
	GlobalSection(SolutionProperties) = preSolution
		HideSolutionNode = FALSE
	EndGlobalSection
	GlobalSection(ExtensibilityGlobals) = postSolution
		SolutionGuid = {A71F0440-317B-44C0-A0EE-DC48E9712946}
	EndGlobalSection
EndGlobal
