{
  "version": 1,
  "dependencies": {
    ".NETFramework,Version=v4.7.2": {
      "Microsoft.CodeAnalysis.BannedApiAnalyzers": {
        "type": "Direct",
        "requested": "[3.3.3, )",
        "resolved": "3.3.3",
        "contentHash": "vvz3XCHVrd/Ks4xPoutLmL/T2+8JcOk/OMs3ngwQqnzokQCGEDsY+WjK/txCsDWU29sX3fGzH/FnYwNV93O1mA=="
      },
      "Microsoft.NET.Test.Sdk": {
        "type": "Direct",
        "requested": "[17.2.0, )",
        "resolved": "17.2.0",
        "contentHash": "kYmkDYbcDd+jNvmMH4TMtgHjsUYbIsWENM2VcjB0X7TawXbehL5I8OIsu2TgFS/nQCgZE94InrqMxrm7WDy+Lw==",
        "dependencies": {
          "Microsoft.CodeCoverage": "17.2.0"
        }
      },
      "Microsoft.SourceLink.GitHub": {
        "type": "Direct",
        "requested": "[1.1.1, )",
        "resolved": "1.1.1",
        "contentHash": "IaJGnOv/M7UQjRJks7B6p7pbPnOwisYGOIzqCz5ilGFTApZ3ktOR+6zJ12ZRPInulBmdAf1SrGdDG2MU8g6XTw==",
        "dependencies": {
          "Microsoft.Build.Tasks.Git": "1.1.1",
          "Microsoft.SourceLink.Common": "1.1.1"
        }
      },
      "Microsoft.Test.Apex.VisualStudio": {
        "type": "Direct",
        "requested": "[17.2.32630.84, )",
        "resolved": "17.2.32630.84",
        "contentHash": "5RXG5bOB/enC0n78FX+VI1+RyXGslZ2jJd/+FiptDAR1cr1TDoN9dycVCzuTT45XQ4UIQs/euYyWqfLp/9FF4g==",
        "dependencies": {
          "MSTest.TestAdapter": "1.2.0",
          "MSTest.TestFramework": "1.2.0"
        }
      },
      "MSTest.TestAdapter": {
        "type": "Direct",
        "requested": "[2.2.10, )",
        "resolved": "2.2.10",
        "contentHash": "KOc7XVNM0Q5GrTAx4RhxTgwdt9O5gOqSzmLpUMyl9ywa6vvUNFVQ9nCjtEE7qDQW54MZdc82e287PzZDc7yQtA=="
      },
      "MSTest.TestFramework": {
        "type": "Direct",
        "requested": "[2.2.10, )",
        "resolved": "2.2.10",
        "contentHash": "JZRVXKq19uRhkj8MuzsU8zJhPV2JV3ZToFPAIg+BU53L1L9mNDfm9jXerdRfbrE4HBcf2M54Ij80zPOdlha3+Q=="
      },
      "Nerdbank.GitVersioning": {
        "type": "Direct",
        "requested": "[3.5.107, )",
        "resolved": "3.5.107",
        "contentHash": "oMWWTe9aTUJ1CwU4fpfpduqx7Hzve320PU2SUyFFDzlHXTdjEouWHtFrRbaXV4LysL0lBtlzJM/nmHm47p2KWw=="
      },
      "Microsoft.Build.Tasks.Git": {
        "type": "Transitive",
        "resolved": "1.1.1",
        "contentHash": "AT3HlgTjsqHnWpBHSNeR0KxbLZD7bztlZVj7I8vgeYG9SYqbeFGh0TM/KVtC6fg53nrWHl3VfZFvb5BiQFcY6Q=="
      },
      "Microsoft.CodeCoverage": {
        "type": "Transitive",
        "resolved": "17.2.0",
        "contentHash": "MsKhJmwIfHxNDbTIlgQy29UpWSWPpbZOQPhQ7xalRy+ABnl8/neFHZGzSP3XlpW2dKAXHTFrtIcKzW/kopY2Bg=="
      },
      "Microsoft.SourceLink.Common": {
        "type": "Transitive",
        "resolved": "1.1.1",
        "contentHash": "WMcGpWKrmJmzrNeuaEb23bEMnbtR/vLmvZtkAP5qWu7vQsY59GqfRJd65sFpBszbd2k/bQ8cs8eWawQKAabkVg=="
      }
    },
    ".NETFramework,Version=v4.7.2/linux-arm64": {},
    ".NETFramework,Version=v4.7.2/linux-musl-x64": {},
    ".NETFramework,Version=v4.7.2/linux-x64": {},
    ".NETFramework,Version=v4.7.2/osx-arm64": {},
    ".NETFramework,Version=v4.7.2/osx-x64": {},
    ".NETFramework,Version=v4.7.2/win-arm64": {},
    ".NETFramework,Version=v4.7.2/win-x64": {}
  }
}