{
  "version": 1,
  "dependencies": {
    ".NETCoreApp,Version=v5.0": {
      "Microsoft.CodeAnalysis.BannedApiAnalyzers": {
        "type": "Direct",
        "requested": "[3.3.3, )",
        "resolved": "3.3.3",
        "contentHash": "vvz3XCHVrd/Ks4xPoutLmL/T2+8JcOk/OMs3ngwQqnzokQCGEDsY+WjK/txCsDWU29sX3fGzH/FnYwNV93O1mA=="
      },
      "Microsoft.Extensions.Logging": {
        "type": "Direct",
        "requested": "[5.0.0, )",
        "resolved": "5.0.0",
        "contentHash": "MgOwK6tPzB6YNH21wssJcw/2MKwee8b2gI7SllYfn6rvTpIrVvVS5HAjSU2vqSku1fwqRvWP0MdIi14qjd93Aw==",
        "dependencies": {
          "Microsoft.Extensions.DependencyInjection": "5.0.0",
          "Microsoft.Extensions.DependencyInjection.Abstractions": "5.0.0",
          "Microsoft.Extensions.Logging.Abstractions": "5.0.0",
          "Microsoft.Extensions.Options": "5.0.0"
        }
      },
      "Microsoft.Extensions.Logging.Abstractions": {
        "type": "Direct",
        "requested": "[5.0.0, )",
        "resolved": "5.0.0",
        "contentHash": "NxP6ahFcBnnSfwNBi2KH2Oz8Xl5Sm2krjId/jRR3I7teFphwiUoUeZPwTNA21EX+5PtjqmyAvKaOeBXcJjcH/w=="
      },
      "Nerdbank.GitVersioning": {
        "type": "Direct",
        "requested": "[3.4.231, )",
        "resolved": "3.4.231",
        "contentHash": "ifpSbv0sySgIVymTQQz0pjI6O7o/JxnIQMlj28JF5Ybr1LoUTcMfoKnAKwteRlhpQM9qJmONGy9M8BgrEcOteg=="
      },
      "Microsoft.Extensions.DependencyInjection": {
        "type": "Transitive",
        "resolved": "5.0.0",
        "contentHash": "Rc2kb/p3Ze6cP6rhFC3PJRdWGbLvSHZc0ev7YlyeU6FmHciDMLrhoVoTUEzKPhN5ZjFgKF1Cf5fOz8mCMIkvpA==",
        "dependencies": {
          "Microsoft.Extensions.DependencyInjection.Abstractions": "5.0.0"
        }
      },
      "Microsoft.Extensions.DependencyInjection.Abstractions": {
        "type": "Transitive",
        "resolved": "5.0.0",
        "contentHash": "ORj7Zh81gC69TyvmcUm9tSzytcy8AVousi+IVRAI8nLieQjOFryRusSFh7+aLk16FN9pQNqJAiMd7BTKINK0kA=="
      },
      "Microsoft.Extensions.Options": {
        "type": "Transitive",
        "resolved": "5.0.0",
        "contentHash": "CBvR92TCJ5uBIdd9/HzDSrxYak+0W/3+yxrNg8Qm6Bmrkh5L+nu6m3WeazQehcZ5q1/6dDA7J5YdQjim0165zg==",
        "dependencies": {
          "Microsoft.Extensions.DependencyInjection.Abstractions": "5.0.0",
          "Microsoft.Extensions.Primitives": "5.0.0"
        }
      },
      "Microsoft.Extensions.Primitives": {
        "type": "Transitive",
        "resolved": "5.0.0",
        "contentHash": "cI/VWn9G1fghXrNDagX9nYaaB/nokkZn0HYAawGaELQrl8InSezfe9OnfPZLcJq3esXxygh3hkq2c3qoV3SDyQ=="
      },
      "Newtonsoft.Json": {
        "type": "Transitive",
        "resolved": "13.0.1",
        "contentHash": "ppPFpBcvxdsfUonNcvITKqLl3bqxWbDCZIzDWHzjpdAHRFfZe0Dw9HmA0+za13IdyrgJwpkDTDA9fHaxOrt20A=="
      },
      "System.Collections.Immutable": {
        "type": "Transitive",
        "resolved": "5.0.0",
        "contentHash": "FXkLXiK0sVVewcso0imKQoOxjoPAj42R8HtjjbSjVPAzwDfzoyoznWxgA3c38LDbN9SJux1xXoXYAhz98j7r2g=="
      },
      "bicep.core": {
        "type": "Project"
      },
      "bicep.decompiler": {
        "type": "Project",
        "dependencies": {
          "Bicep.Core": "1.0.0",
          "Newtonsoft.Json": "13.0.1",
          "System.Collections.Immutable": "5.0.0"
        }
      }
    },
    ".NETCoreApp,Version=v5.0/linux-musl-x64": {},
    ".NETCoreApp,Version=v5.0/linux-x64": {},
    ".NETCoreApp,Version=v5.0/osx-x64": {},
    ".NETCoreApp,Version=v5.0/win-x64": {}
  }
}