
Microsoft Visual Studio Solution File, Format Version 12.00
# Visual Studio Version 17
VisualStudioVersion = 17.5.002.0
MinimumVisualStudioVersion = 10.0.40219.1
Project("{9A19103F-16F7-4668-BE54-9A1E7A4F7556}") = "Bicep.LangServer.UnitTests", "Bicep.LangServer.UnitTests.csproj", "{2FC82C18-79D6-474C-8F35-11D4F769133F}"
EndProject
Global
	GlobalSection(SolutionConfigurationPlatforms) = preSolution
		Debug|Any CPU = Debug|Any CPU
		Release|Any CPU = Release|Any CPU
	EndGlobalSection
	GlobalSection(ProjectConfigurationPlatforms) = postSolution
		{2FC82C18-79D6-474C-8F35-11D4F769133F}.Debug|Any CPU.ActiveCfg = Debug|Any CPU
		{2FC82C18-79D6-474C-8F35-11D4F769133F}.Debug|Any CPU.Build.0 = Debug|Any CPU
		{2FC82C18-79D6-474C-8F35-11D4F769133F}.Release|Any CPU.ActiveCfg = Release|Any CPU
		{2FC82C18-79D6-474C-8F35-11D4F769133F}.Release|Any CPU.Build.0 = Release|Any CPU
	EndGlobalSection
	GlobalSection(SolutionProperties) = preSolution
		HideSolutionNode = FALSE
	EndGlobalSection
	GlobalSection(ExtensibilityGlobals) = postSolution
		SolutionGuid = {8D67C522-526A-4D8A-A404-D23FD7E404F1}
	EndGlobalSection
EndGlobal
