{
  "version": 1,
  "dependencies": {
    "net8.0": {
      "Azure.Deployments.Internal.GenerateNotice": {
        "type": "Direct",
        "requested": "(, )",
        "resolved": "0.1.8",
        "contentHash": "Vm9oI3js/516uArW5i63OtZM+Znjxtj5PVoMghFOvERZdZBPwvsg1DIgU3TvL1gGF5KAKtwpbw18YBt08XcLsw=="
      },
      "Microsoft.NET.ILLink.Tasks": {
        "type": "Direct",
        "requested": "[8.0.18, )",
        "resolved": "8.0.18",
        "contentHash": "OiXqr2YIBEV9dsAWEtasK470ALyJ0VxJ9k4MotOxlWV6HeEgrJKYMW4HHj1OCCXvqE0/A25wEKPkpfiBARgDZA=="
      },
      "System.IO.Abstractions": {
        "type": "Direct",
        "requested": "(, )",
        "resolved": "1.2.0",
        "contentHash": "fRm3Km5sNBrsIyMXZk2jN4Pi48FDvUPRa5rQqaJlTBNvlSCLEpJw8VXEX26TsyQX2QcCl1/bjjTYRPoX1WiRbQ=="
      },
      "System.Memory.Data": {
        "type": "Direct",
        "requested": "(, )",
        "resolved": "1.0.0",
        "contentHash": "OYRPV8N8ulWlQ0bWBl85BhE4VEiur1XeM5yTvC0RKR5MMfYQhSv9fsyxfqFsyYLPDpzWpzisIHZmPp7TqBmVHg==",
        "dependencies": {
          "System.Text.Json": "4.6.0"
        }
      },
      "System.Text.Json": {
        "type": "Transitive",
        "resolved": "4.6.0",
        "contentHash": "4F8Xe+JIkVoDJ8hDAZ7HqLkjctN/6WItJIzQaifBwClC7wmoLSda/Sv2i6i1kycqDb3hWF4JCVbpAweyOKHEUA=="
      }
    },
    "net8.0/linux-arm64": {},
    "net8.0/linux-musl-x64": {},
    "net8.0/linux-x64": {},
    "net8.0/osx-arm64": {},
    "net8.0/osx-x64": {},
    "net8.0/win-arm64": {},
    "net8.0/win-x64": {}
  }
}