{
  "version": 1,
  "dependencies": {
    "net8.0": {
      "Azure.Deployments.Internal.GenerateNotice": {
        "type": "Direct",
        "requested": "[0.1.38, )",
        "resolved": "0.1.38",
        "contentHash": "BqTIqpSk+JoK4QYpkt5htsccgBM4IrMINlo4d/Z4Ii3qV91V20VUhDqON+0Zax4hpGTsz710iDk0V7ypteLM/g=="
      },
      "CommandLineParser": {
        "type": "Direct",
        "requested": "[2.9.1, )",
        "resolved": "2.9.1",
        "contentHash": "OE0sl1/sQ37bjVsPKKtwQlWDgqaxWgtme3xZz7JssWUzg5JpMIyHgCTY9MVMxOg48fJ1AgGT3tgdH5m/kQ5xhA=="
      },
      "Google.Protobuf": {
        "type": "Direct",
        "requested": "[3.27.1, )",
        "resolved": "3.27.1",
        "contentHash": "7IVz9TzhYCZ8qY0rPhXUnyJSXYdshUqmmxmTI763XmDDSJJFnyfKH43FFcMJu/CZgBcE98xlFztrKwhzcRkiPg=="
      },
      "Grpc.Net.Client": {
        "type": "Direct",
        "requested": "[2.63.0, )",
        "resolved": "2.63.0",
        "contentHash": "847zG24daOP1242OpbnjhbKtplH/EfV/76QReQA3cbS5SL78uIXsWMe9IN9JlIb4+kT3eE4fjMCXTn8BAQ91Ng==",
        "dependencies": {
          "Grpc.Net.Common": "2.63.0",
          "Microsoft.Extensions.Logging.Abstractions": "6.0.0"
        }
      },
      "Grpc.Tools": {
        "type": "Direct",
        "requested": "[2.64.0, )",
        "resolved": "2.64.0",
        "contentHash": "W5RrhDFHUhioASktxfuDs5fTjWUxwegljZAig9zFL8nWNskeyQA6OXN2choWKYxGrljer25VqCJCMbWz7XHvqg=="
      },
      "Microsoft.CodeAnalysis.BannedApiAnalyzers": {
        "type": "Direct",
        "requested": "[3.3.4, )",
        "resolved": "3.3.4",
        "contentHash": "0k2Jwpc8eq0hjOtX6TxRkHm9clkJ2PAQ3heEHgqIJZcsfdFosC/iyz18nsgTVDDWpID80rC7aiYK7ripx+Qndg=="
      },
      "Microsoft.SourceLink.GitHub": {
        "type": "Direct",
        "requested": "[8.0.0, )",
        "resolved": "8.0.0",
        "contentHash": "G5q7OqtwIyGTkeIOAc3u2ZuV/kicQaec5EaRnc0pIeSnh9LUjj+PYQrJYBURvDt7twGl2PKA7nSN0kz1Zw5bnQ==",
        "dependencies": {
          "Microsoft.Build.Tasks.Git": "8.0.0",
          "Microsoft.SourceLink.Common": "8.0.0"
        }
      },
      "Microsoft.VisualStudio.Threading.Analyzers": {
        "type": "Direct",
        "requested": "[17.10.48, )",
        "resolved": "17.10.48",
        "contentHash": "xwvwT91oqFjLgQykUp6y/JPYxz8LchbfJKrLVatfczWddXKng8DAo8RiiIodt+pRdsVXP9Ud02GtJoY7ifdXPQ=="
      },
      "Nerdbank.GitVersioning": {
        "type": "Direct",
        "requested": "[3.6.139, )",
        "resolved": "3.6.139",
        "contentHash": "rq0Ub/Jik7PtMtZtLn0tHuJ01Yt36RQ+eeBe+S7qnJ/EFOX6D4T9zuYD3vQPYKGI6Ro4t2iWgFm3fGDgjBrMfg=="
      },
      "Grpc.Core.Api": {
        "type": "Transitive",
        "resolved": "2.63.0",
        "contentHash": "t3+/MF8AxIqKq5UmPB9EWAnM9C/+lXOB8TRFfeVMDntf6dekfJmjpKDebaT4t2bbuwVwwvthxxox9BuGr59kYA=="
      },
      "Grpc.Net.Common": {
        "type": "Transitive",
        "resolved": "2.63.0",
        "contentHash": "RLt6p31ZMsXRcHNeu1dQuIFLYZvnwP6LUzoDPlV3KoR4w9btmwrXIvz9Jbp1SOmxW7nXw9zShAeIt5LsqFAx5w==",
        "dependencies": {
          "Grpc.Core.Api": "2.63.0"
        }
      },
      "Microsoft.Build.Tasks.Git": {
        "type": "Transitive",
        "resolved": "8.0.0",
        "contentHash": "bZKfSIKJRXLTuSzLudMFte/8CempWjVamNUR5eHJizsy+iuOuO/k2gnh7W0dHJmYY0tBf+gUErfluCv5mySAOQ=="
      },
      "Microsoft.Extensions.Logging.Abstractions": {
        "type": "Transitive",
        "resolved": "6.0.0",
        "contentHash": "/HggWBbTwy8TgebGSX5DBZ24ndhzi93sHUBDvP1IxbZD7FDokYzdAr6+vbWGjw2XAfR2EJ1sfKUotpjHnFWPxA=="
      },
      "Microsoft.SourceLink.Common": {
        "type": "Transitive",
        "resolved": "8.0.0",
        "contentHash": "dk9JPxTCIevS75HyEQ0E4OVAFhB2N+V9ShCXf8Q6FkUQZDkgLI12y679Nym1YqsiSysuQskT7Z+6nUf3yab6Vw=="
      }
    },
    "net8.0/linux-arm64": {},
    "net8.0/linux-musl-x64": {},
    "net8.0/linux-x64": {},
    "net8.0/osx-arm64": {},
    "net8.0/osx-x64": {},
    "net8.0/win-arm64": {},
    "net8.0/win-x64": {}
  }
}