{
  "version": 1,
  "dependencies": {
    ".NETStandard,Version=v2.0": {
      "Azure.ResourceManager.Deployments.Expression": {
        "type": "Direct",
        "requested": "[1.0.24, )",
        "resolved": "1.0.24",
        "contentHash": "zLV8tBgtl1rdT2xTBY9xrPj70Rqbt1bNZdJkpC6sHMiWMFQ0x5271RqQ36mJw5YVig4bieCguemfcZEscVAUsw==",
        "dependencies": {
          "Azure.ResourceManager.Deployments.Core": "1.0.24",
          "Newtonsoft.Json": "11.0.2"
        }
      },
      "JetBrains.Annotations": {
        "type": "Direct",
        "requested": "[2020.1.0, )",
        "resolved": "2020.1.0",
        "contentHash": "kD9D2ey3DGeLbfIzS8PkwLFkcF5vCOLk2rdjgfSxTfpoyovl7gAyoS6yq6T77zo9QgJGaVJ7PO/cSgLopnKlzg=="
      },
      "Microsoft.CodeAnalysis.FxCopAnalyzers": {
        "type": "Direct",
        "requested": "[3.0.0, )",
        "resolved": "3.0.0",
        "contentHash": "ea8bbNa4fzS/s55AUCAvYjb6Y3lFysFVfEwt9zIwR/NeFpOcUluIleOXSUPAyUtwBFugn01aWvNfMVmIwnvgqQ==",
        "dependencies": {
          "Microsoft.CodeAnalysis.VersionCheckAnalyzer": "[3.0.0]",
          "Microsoft.CodeQuality.Analyzers": "[3.0.0]",
          "Microsoft.NetCore.Analyzers": "[3.0.0]",
          "Microsoft.NetFramework.Analyzers": "[3.0.0]"
        }
      },
      "NETStandard.Library": {
        "type": "Direct",
        "requested": "[2.0.3, )",
        "resolved": "2.0.3",
        "contentHash": "st47PosZSHrjECdjeIzZQbzivYBJFv6P2nv4cj2ypdI204DO+vZ7l5raGMiX4eXMJ53RfOIg+/s4DHVZ54Nu2A==",
        "dependencies": {
          "Microsoft.NETCore.Platforms": "1.1.0"
        }
      },
      "Newtonsoft.Json": {
        "type": "Direct",
        "requested": "[12.0.3, )",
        "resolved": "12.0.3",
        "contentHash": "6mgjfnRB4jKMlzHSl+VD+oUc1IebOZabkbyWj2RiTgWwYPPuaK1H97G1sHqGwPlS5npiF5Q0OrxN1wni2n5QWg=="
      },
      "System.Collections.Immutable": {
        "type": "Direct",
        "requested": "[1.7.1, )",
        "resolved": "1.7.1",
        "contentHash": "B43Zsz5EfMwyEbnObwRxW5u85fzJma3lrDeGcSAV1qkhSRTNY5uXAByTn9h9ddNdhM+4/YoLc/CI43umjwIl9Q==",
        "dependencies": {
          "System.Memory": "4.5.4"
        }
      },
      "Azure.ResourceManager.Deployments.Core": {
        "type": "Transitive",
        "resolved": "1.0.24",
        "contentHash": "GDrvqaJPPcWK4OYB4uS2E5/ScvY8CCyXOv28YnmLon5S2iOGBTDLqh+jizaZI4NJUfOIBSQx6oGBEV2eJSP+Zw==",
        "dependencies": {
          "Newtonsoft.Json": "11.0.2",
          "System.Reflection.Emit.Lightweight": "4.7.0"
        }
      },
      "Microsoft.CodeAnalysis.VersionCheckAnalyzer": {
        "type": "Transitive",
        "resolved": "3.0.0",
        "contentHash": "RL9OdvWLhtQXcvxK2EPbXM9LandLcDG14Ndz5baVH2aiyvEB11VrHfrzLNoEE5B2/zhRGqN+BHsBg21f75wG9g=="
      },
      "Microsoft.CodeQuality.Analyzers": {
        "type": "Transitive",
        "resolved": "3.0.0",
        "contentHash": "pOROTgdPa+15sYfEMvDlWlDEedCO1SuRLrRjX36Ltli3SmhZawC2Vgws4crz1XMs9WRzBo8WIJM5WRzGNsOSmQ=="
      },
      "Microsoft.NetCore.Analyzers": {
        "type": "Transitive",
        "resolved": "3.0.0",
        "contentHash": "JdjhkobYjmQAu4JpsEALDAr7xig2pzXMsXGilHJ2gvmUaUSBjYObw53CBaIkRXmPu0DaDPN8ze9LCtsRd1R8UA=="
      },
      "Microsoft.NETCore.Platforms": {
        "type": "Transitive",
        "resolved": "1.1.0",
        "contentHash": "kz0PEW2lhqygehI/d6XsPCQzD7ff7gUJaVGPVETX611eadGsA3A877GdSlU0LRVMCTH/+P3o2iDTak+S08V2+A=="
      },
      "Microsoft.NetFramework.Analyzers": {
        "type": "Transitive",
        "resolved": "3.0.0",
        "contentHash": "Q0sB3JYld9JMa9/HKtioIxhqmOohEku1FkfSC/uf0usGcCIhm6GYWU565klP64jC2kzmjFIu/6fkHEIYRqZCQQ=="
      },
      "System.Buffers": {
        "type": "Transitive",
        "resolved": "4.5.1",
        "contentHash": "Rw7ijyl1qqRS0YQD/WycNst8hUUMgrMH4FCn1nNm27M4VxchZ1js3fVjQaANHO5f3sN4isvP4a+Met9Y4YomAg=="
      },
      "System.Memory": {
        "type": "Transitive",
        "resolved": "4.5.4",
        "contentHash": "1MbJTHS1lZ4bS4FmsJjnuGJOu88ZzTT2rLvrhW7Ygic+pC0NWA+3hgAen0HRdsocuQXCkUTdFn9yHJJhsijDXw==",
        "dependencies": {
          "System.Buffers": "4.5.1",
          "System.Numerics.Vectors": "4.4.0",
          "System.Runtime.CompilerServices.Unsafe": "4.5.3"
        }
      },
      "System.Numerics.Vectors": {
        "type": "Transitive",
        "resolved": "4.4.0",
        "contentHash": "UiLzLW+Lw6HLed1Hcg+8jSRttrbuXv7DANVj0DkL9g6EnnzbL75EB7EWsw5uRbhxd/4YdG8li5XizGWepmG3PQ=="
      },
      "System.Reflection.Emit.ILGeneration": {
        "type": "Transitive",
        "resolved": "4.7.0",
        "contentHash": "AucBYo3DSI0IDxdUjKksBcQJXPHyoPyrCXYURW1WDsLI4M65Ar/goSHjdnHOAY9MiYDNKqDlIgaYm+zL2hA1KA=="
      },
      "System.Reflection.Emit.Lightweight": {
        "type": "Transitive",
        "resolved": "4.7.0",
        "contentHash": "a4OLB4IITxAXJeV74MDx49Oq2+PsF6Sml54XAFv+2RyWwtDBcabzoxiiJRhdhx+gaohLh4hEGCLQyBozXoQPqA==",
        "dependencies": {
          "System.Reflection.Emit.ILGeneration": "4.7.0"
        }
      },
      "System.Runtime.CompilerServices.Unsafe": {
        "type": "Transitive",
        "resolved": "4.5.3",
        "contentHash": "3TIsJhD1EiiT0w2CcDMN/iSSwnNnsrnbzeVHSKkaEgV85txMprmuO+Yq2AdSbeVGcg28pdNDTPK87tJhX7VFHw=="
      }
    }
  }
}