{
  "version": 1,
  "dependencies": {
    ".NETCoreApp,Version=v5.0": {
      "Microsoft.AspNetCore.Components.WebAssembly": {
        "type": "Direct",
        "requested": "[5.0.9, )",
        "resolved": "5.0.9",
        "contentHash": "eq8fNN45ubO8uvOEpKlaPDG3MsUM0gawJPBjvWAz/AdZlwUMfLXgx7TFq7SSB/k+szwkHXQ1HBkg+AxH//vpbQ==",
        "dependencies": {
          "Microsoft.AspNetCore.Components.Web": "5.0.9",
          "Microsoft.Extensions.Configuration.Binder": "5.0.0",
          "Microsoft.Extensions.Configuration.Json": "5.0.0",
          "Microsoft.Extensions.Logging": "5.0.0",
          "Microsoft.JSInterop.WebAssembly": "5.0.9"
        }
      },
      "Microsoft.CodeAnalysis.BannedApiAnalyzers": {
        "type": "Direct",
        "requested": "[3.3.2, )",
        "resolved": "3.3.2",
        "contentHash": "LlcsDRSYfkJFWOdDpysY/4Ph4llHc8DLOc3roFTz9+216vl+vwVGfbys2rcSmhZCTDv/0kxSs2oOdd9SX2NiVg=="
      },
      "Nerdbank.GitVersioning": {
        "type": "Direct",
        "requested": "[3.4.231, )",
        "resolved": "3.4.231",
        "contentHash": "ifpSbv0sySgIVymTQQz0pjI6O7o/JxnIQMlj28JF5Ybr1LoUTcMfoKnAKwteRlhpQM9qJmONGy9M8BgrEcOteg=="
      },
      "System.Net.Http.Json": {
        "type": "Direct",
        "requested": "[5.0.0, )",
        "resolved": "5.0.0",
        "contentHash": "3CPSQpCzEmI9o+1G79TnPCjF40omCdnoXj2Rg76BDwGj5+LZnFPjV+t35eedlvl+uthmholk/XXxXTYgJWSexw=="
      },
      "Azure.Bicep.Types": {
        "type": "Transitive",
        "resolved": "0.1.245",
        "contentHash": "duXuhZEwxElpsBUe1A6h6DOZYQeDHddSS7EQ57J69F9GxRyiWD5r32Z+5EE7pi/D7RwUom+4pz7Ec/OlBwEvFw==",
        "dependencies": {
          "System.Text.Json": "5.0.2"
        }
      },
      "Azure.Bicep.Types.Az": {
        "type": "Transitive",
        "resolved": "0.1.245",
        "contentHash": "teStLKj5DN3fMNGyZppGLN9YQZDFi9lmIm2nXyqWDKwn5twLIsydcSJs9ehF1VPeTcbmVjo83F5zZB+5fSPxRg==",
        "dependencies": {
          "Azure.Bicep.Types": "0.1.245"
        }
      },
      "Azure.Core": {
        "type": "Transitive",
        "resolved": "1.18.0",
        "contentHash": "h0DQLyIKvowm6n9XV2njDiiI5Et0QecpE2VcGfhps9J4m9MJ6tBD4Qxl+fbL8k/41sD7UXP4nAWgxC81oV11oQ==",
        "dependencies": {
          "Microsoft.Bcl.AsyncInterfaces": "1.0.0",
          "System.Buffers": "4.5.1",
          "System.Diagnostics.DiagnosticSource": "4.6.0",
          "System.Memory": "4.5.4",
          "System.Memory.Data": "1.0.2",
          "System.Numerics.Vectors": "4.5.0",
          "System.Text.Encodings.Web": "4.7.2",
          "System.Text.Json": "4.6.0",
          "System.Threading.Tasks.Extensions": "4.5.2"
        }
      },
      "Azure.Deployments.Core": {
        "type": "Transitive",
        "resolved": "1.0.247",
        "contentHash": "i+ADEA+sRZkcctq0VhswkYTOolYC4ESjCcm6SxkbHKYc0qphD8PQWjt/3BogBQAwNfOfKHeCQOi3rD5Dg1haJQ==",
        "dependencies": {
          "Newtonsoft.Json": "11.0.2",
          "System.Reflection.Emit.Lightweight": "4.7.0"
        }
      },
      "Azure.Deployments.Expression": {
        "type": "Transitive",
        "resolved": "1.0.247",
        "contentHash": "mKS8KDkR37+onV3p85/wTPzBvbQHn0A+vZdq4p2lHTkDcwOO/QZjHlLuE7iO6adYnduAfr1KZ2IDIpBi1X7g6w==",
        "dependencies": {
          "Azure.Deployments.Core": "1.0.247",
          "Newtonsoft.Json": "11.0.2"
        }
      },
      "Azure.Deployments.Templates": {
        "type": "Transitive",
        "resolved": "1.0.247",
        "contentHash": "cl2SFBlTV/zSiPRsUCh2LcCjkBDzHe63takQKv7zuskF0oTjSvsnWfIgOYIN/ZU9wCQ1t5g/zPPwSpJkuMwe7w==",
        "dependencies": {
          "Azure.Deployments.Core": "1.0.247",
          "Azure.Deployments.Expression": "1.0.247",
          "Newtonsoft.Json": "11.0.2"
        }
      },
      "Azure.Identity": {
        "type": "Transitive",
        "resolved": "1.4.0",
        "contentHash": "vvjdoDQb9WQyLkD1Uo5KFbwlW7xIsDMihz3yofskym2SimXswbSXuK7QSR1oHnBLBRMdamnVHLpSKQZhJUDejg==",
        "dependencies": {
          "Azure.Core": "1.14.0",
          "Microsoft.Identity.Client": "4.30.1",
          "Microsoft.Identity.Client.Extensions.Msal": "2.18.4",
          "System.Memory": "4.5.4",
          "System.Security.Cryptography.ProtectedData": "4.5.0",
          "System.Text.Json": "4.6.0",
          "System.Threading.Tasks.Extensions": "4.5.2"
        }
      },
      "Azure.ResourceManager": {
        "type": "Transitive",
        "resolved": "1.0.0-beta.2",
        "contentHash": "y0EMHnpvzCFODGquSGu7oD51qaxOLgqjVVLXw0nzf+dyuVdFL0UYkdcDg2EHABW+LEowYbTw/Ji6PlU1XlrKWA==",
        "dependencies": {
          "Azure.Core": "1.18.0",
          "System.Text.Json": "4.6.0"
        }
      },
      "Azure.ResourceManager.Resources": {
        "type": "Transitive",
        "resolved": "1.0.0-beta.1",
        "contentHash": "Ym9FwOScPl2sb+jUV7cxyYGX/qttevm8lWOCtK/+CCTEz41qwx0Q2wi99M28MtccOYREiL1XyeMeNUy9TknzRw==",
        "dependencies": {
          "Azure.Core": "1.18.0",
          "Azure.ResourceManager": "1.0.0-beta.2",
          "System.Text.Json": "4.6.0"
        }
      },
      "Microsoft.AspNetCore.Authorization": {
        "type": "Transitive",
        "resolved": "5.0.9",
        "contentHash": "fS4eD0OPTj29/8xnGybpbsre6OUFoeHX5J1HTSS6o/jmOYOaSyW+C0m/cmJSoVdl2VFaF0ZPggi2ATzYBYzq6w==",
        "dependencies": {
          "Microsoft.AspNetCore.Metadata": "5.0.9",
          "Microsoft.Extensions.Logging.Abstractions": "5.0.0",
          "Microsoft.Extensions.Options": "5.0.0"
        }
      },
      "Microsoft.AspNetCore.Components": {
        "type": "Transitive",
        "resolved": "5.0.9",
        "contentHash": "i0QEG2qlfthb0wlJcY42bRej0NkWi/tXjnvNz7FmwU+PGK25oxa0DjPa4N+sK4vnMOXvwWaNOkbCoY2CGhwFFA==",
        "dependencies": {
          "Microsoft.AspNetCore.Authorization": "5.0.9",
          "Microsoft.AspNetCore.Components.Analyzers": "5.0.9"
        }
      },
      "Microsoft.AspNetCore.Components.Analyzers": {
        "type": "Transitive",
        "resolved": "5.0.9",
        "contentHash": "own4KPP3OyNRlXECGjAqUEGim5Z+EG0ht2iKPuTV2PDN9Gu8oP1hsk6697xy/4v6edLWSr+xCVv4Ic2ZiDIh0Q=="
      },
      "Microsoft.AspNetCore.Components.Forms": {
        "type": "Transitive",
        "resolved": "5.0.9",
        "contentHash": "hbqyiwzNjaIabJscVf4wjjqofJM0FKOwzlyJ3QoCDb7xTUXfGU22a4nHw4dHkC2rnkYOCg9BFjo+z4IHh16uJQ==",
        "dependencies": {
          "Microsoft.AspNetCore.Components": "5.0.9"
        }
      },
      "Microsoft.AspNetCore.Components.Web": {
        "type": "Transitive",
        "resolved": "5.0.9",
        "contentHash": "ckEZouiONUC3lGup/QpTijffo9KU84R/B2rTuvtiMB7meGcqiyBuSB1vX2v/yZRy27LP6YbElwig+vMTlW5SbQ==",
        "dependencies": {
          "Microsoft.AspNetCore.Components": "5.0.9",
          "Microsoft.AspNetCore.Components.Forms": "5.0.9",
          "Microsoft.Extensions.DependencyInjection": "5.0.2",
          "Microsoft.JSInterop": "5.0.9",
          "System.IO.Pipelines": "5.0.1"
        }
      },
      "Microsoft.AspNetCore.Metadata": {
        "type": "Transitive",
        "resolved": "5.0.9",
        "contentHash": "ITEZAAGTl58j3mPiYg+iDnhLw9YqWoPmDOSmiyb9mVnrK+a6nMU6Bnf90Gh/cYJ8QbvFpq1DhWx39YHID8eIDQ=="
      },
      "Microsoft.Bcl.AsyncInterfaces": {
        "type": "Transitive",
        "resolved": "1.0.0",
        "contentHash": "K63Y4hORbBcKLWH5wnKgzyn7TOfYzevIEwIedQHBIkmkEBA9SCqgvom+XTuE+fAFGvINGkhFItaZ2dvMGdT5iw=="
      },
      "Microsoft.Extensions.Configuration": {
        "type": "Transitive",
        "resolved": "5.0.0",
        "contentHash": "LN322qEKHjuVEhhXueTUe7RNePooZmS8aGid5aK2woX3NPjSnONFyKUc6+JknOS6ce6h2tCLfKPTBXE3mN/6Ag==",
        "dependencies": {
          "Microsoft.Extensions.Configuration.Abstractions": "5.0.0",
          "Microsoft.Extensions.Primitives": "5.0.0"
        }
      },
      "Microsoft.Extensions.Configuration.Abstractions": {
        "type": "Transitive",
        "resolved": "5.0.0",
        "contentHash": "ETjSBHMp3OAZ4HxGQYpwyGsD8Sw5FegQXphi0rpoGMT74S4+I2mm7XJEswwn59XAaKOzC15oDSOWEE8SzDCd6Q==",
        "dependencies": {
          "Microsoft.Extensions.Primitives": "5.0.0"
        }
      },
      "Microsoft.Extensions.Configuration.Binder": {
        "type": "Transitive",
        "resolved": "5.0.0",
        "contentHash": "Of1Irt1+NzWO+yEYkuDh5TpT4On7LKl98Q9iLqCdOZps6XXEWDj3AKtmyvzJPVXZe4apmkJJIiDL7rR1yC+hjQ==",
        "dependencies": {
          "Microsoft.Extensions.Configuration.Abstractions": "5.0.0"
        }
      },
      "Microsoft.Extensions.Configuration.FileExtensions": {
        "type": "Transitive",
        "resolved": "5.0.0",
        "contentHash": "rRdspYKA18ViPOISwAihhCMbusHsARCOtDMwa23f+BGEdIjpKPlhs3LLjmKlxfhpGXBjIsS0JpXcChjRUN+PAw==",
        "dependencies": {
          "Microsoft.Extensions.Configuration": "5.0.0",
          "Microsoft.Extensions.Configuration.Abstractions": "5.0.0",
          "Microsoft.Extensions.FileProviders.Abstractions": "5.0.0",
          "Microsoft.Extensions.FileProviders.Physical": "5.0.0",
          "Microsoft.Extensions.Primitives": "5.0.0"
        }
      },
      "Microsoft.Extensions.Configuration.Json": {
        "type": "Transitive",
        "resolved": "5.0.0",
        "contentHash": "Pak8ymSUfdzPfBTLHxeOwcR32YDbuVfhnH2hkfOLnJNQd19ItlBdpMjIDY9C5O/nS2Sn9bzDMai0ZrvF7KyY/Q==",
        "dependencies": {
          "Microsoft.Extensions.Configuration": "5.0.0",
          "Microsoft.Extensions.Configuration.Abstractions": "5.0.0",
          "Microsoft.Extensions.Configuration.FileExtensions": "5.0.0",
          "Microsoft.Extensions.FileProviders.Abstractions": "5.0.0"
        }
      },
      "Microsoft.Extensions.DependencyInjection": {
        "type": "Transitive",
        "resolved": "5.0.2",
        "contentHash": "xzFW00AZEvOXM1OX+0+AYH5op/Hf3u//e6wszBd/rK72sypD+jx5CtsHxM4BVuFBEs8SajfO4QzSJtrQaHDr4A==",
        "dependencies": {
          "Microsoft.Extensions.DependencyInjection.Abstractions": "5.0.0"
        }
      },
      "Microsoft.Extensions.DependencyInjection.Abstractions": {
        "type": "Transitive",
        "resolved": "5.0.0",
        "contentHash": "ORj7Zh81gC69TyvmcUm9tSzytcy8AVousi+IVRAI8nLieQjOFryRusSFh7+aLk16FN9pQNqJAiMd7BTKINK0kA=="
      },
      "Microsoft.Extensions.FileProviders.Abstractions": {
        "type": "Transitive",
        "resolved": "5.0.0",
        "contentHash": "iuZIiZ3mteEb+nsUqpGXKx2cGF+cv6gWPd5jqQI4hzqdiJ6I94ddLjKhQOuRW1lueHwocIw30xbSHGhQj0zjdQ==",
        "dependencies": {
          "Microsoft.Extensions.Primitives": "5.0.0"
        }
      },
      "Microsoft.Extensions.FileProviders.Physical": {
        "type": "Transitive",
        "resolved": "5.0.0",
        "contentHash": "1rkd8UO2qf21biwO7X0hL9uHP7vtfmdv/NLvKgCRHkdz1XnW8zVQJXyEYiN68WYpExgtVWn55QF0qBzgfh1mGg==",
        "dependencies": {
          "Microsoft.Extensions.FileProviders.Abstractions": "5.0.0",
          "Microsoft.Extensions.FileSystemGlobbing": "5.0.0",
          "Microsoft.Extensions.Primitives": "5.0.0"
        }
      },
      "Microsoft.Extensions.FileSystemGlobbing": {
        "type": "Transitive",
        "resolved": "5.0.0",
        "contentHash": "ArliS8lGk8sWRtrWpqI8yUVYJpRruPjCDT+EIjrgkA/AAPRctlAkRISVZ334chAKktTLzD1+PK8F5IZpGedSqA=="
      },
      "Microsoft.Extensions.Logging": {
        "type": "Transitive",
        "resolved": "5.0.0",
        "contentHash": "MgOwK6tPzB6YNH21wssJcw/2MKwee8b2gI7SllYfn6rvTpIrVvVS5HAjSU2vqSku1fwqRvWP0MdIi14qjd93Aw==",
        "dependencies": {
          "Microsoft.Extensions.DependencyInjection": "5.0.0",
          "Microsoft.Extensions.DependencyInjection.Abstractions": "5.0.0",
          "Microsoft.Extensions.Logging.Abstractions": "5.0.0",
          "Microsoft.Extensions.Options": "5.0.0"
        }
      },
      "Microsoft.Extensions.Logging.Abstractions": {
        "type": "Transitive",
        "resolved": "5.0.0",
        "contentHash": "NxP6ahFcBnnSfwNBi2KH2Oz8Xl5Sm2krjId/jRR3I7teFphwiUoUeZPwTNA21EX+5PtjqmyAvKaOeBXcJjcH/w=="
      },
      "Microsoft.Extensions.Options": {
        "type": "Transitive",
        "resolved": "5.0.0",
        "contentHash": "CBvR92TCJ5uBIdd9/HzDSrxYak+0W/3+yxrNg8Qm6Bmrkh5L+nu6m3WeazQehcZ5q1/6dDA7J5YdQjim0165zg==",
        "dependencies": {
          "Microsoft.Extensions.DependencyInjection.Abstractions": "5.0.0",
          "Microsoft.Extensions.Primitives": "5.0.0"
        }
      },
      "Microsoft.Extensions.Primitives": {
        "type": "Transitive",
        "resolved": "5.0.0",
        "contentHash": "cI/VWn9G1fghXrNDagX9nYaaB/nokkZn0HYAawGaELQrl8InSezfe9OnfPZLcJq3esXxygh3hkq2c3qoV3SDyQ=="
      },
      "Microsoft.Identity.Client": {
        "type": "Transitive",
        "resolved": "4.30.1",
        "contentHash": "xk8tJeGfB2yD3+d7a0DXyV7/HYyEG10IofUHYHoPYKmDbroi/j9t1BqSHgbq1nARDjg7m8Ki6e21AyNU7e/R4Q=="
      },
      "Microsoft.Identity.Client.Extensions.Msal": {
        "type": "Transitive",
        "resolved": "2.18.4",
        "contentHash": "HpG4oLwhQsy0ce7OWq9iDdLtJKOvKRStIKoSEOeBMKuohfuOWNDyhg8fMAJkpG/kFeoe4J329fiMHcJmmB+FPw==",
        "dependencies": {
          "Microsoft.Identity.Client": "4.30.0",
          "System.Security.Cryptography.ProtectedData": "4.5.0"
        }
      },
      "Microsoft.JSInterop": {
        "type": "Transitive",
        "resolved": "5.0.9",
        "contentHash": "NApBQOBhgeDd6wXUdsM1uLCvgmwkSS+4VAtHECu/aB5cekTZ0bstqCBzs3/MJYZ5eEXKoglOM1v7wf4jh/t7gA=="
      },
      "Microsoft.JSInterop.WebAssembly": {
        "type": "Transitive",
        "resolved": "5.0.9",
        "contentHash": "f7BzZhz5cMqweTQyKGHb677D4GE25vVvpokq4vNyWVwLHtS9XntfaZRozMEJZsJ4PJc0p7Zj4bPs9nIWt//9+A==",
        "dependencies": {
          "Microsoft.JSInterop": "5.0.9"
        }
      },
      "Newtonsoft.Json": {
        "type": "Transitive",
        "resolved": "13.0.1",
        "contentHash": "ppPFpBcvxdsfUonNcvITKqLl3bqxWbDCZIzDWHzjpdAHRFfZe0Dw9HmA0+za13IdyrgJwpkDTDA9fHaxOrt20A=="
      },
      "System.Buffers": {
        "type": "Transitive",
        "resolved": "4.5.1",
        "contentHash": "Rw7ijyl1qqRS0YQD/WycNst8hUUMgrMH4FCn1nNm27M4VxchZ1js3fVjQaANHO5f3sN4isvP4a+Met9Y4YomAg=="
      },
      "System.Collections.Immutable": {
        "type": "Transitive",
        "resolved": "5.0.0",
        "contentHash": "FXkLXiK0sVVewcso0imKQoOxjoPAj42R8HtjjbSjVPAzwDfzoyoznWxgA3c38LDbN9SJux1xXoXYAhz98j7r2g=="
      },
      "System.Diagnostics.DiagnosticSource": {
        "type": "Transitive",
        "resolved": "4.6.0",
        "contentHash": "mbBgoR0rRfl2uimsZ2avZY8g7Xnh1Mza0rJZLPcxqiMWlkGukjmRkuMJ/er+AhQuiRIh80CR/Hpeztr80seV5g=="
      },
      "System.IO.Pipelines": {
        "type": "Transitive",
        "resolved": "5.0.1",
        "contentHash": "qEePWsaq9LoEEIqhbGe6D5J8c9IqQOUuTzzV6wn1POlfdLkJliZY3OlB0j0f17uMWlqZYjH7txj+2YbyrIA8Yg=="
      },
      "System.Memory": {
        "type": "Transitive",
        "resolved": "4.5.4",
        "contentHash": "1MbJTHS1lZ4bS4FmsJjnuGJOu88ZzTT2rLvrhW7Ygic+pC0NWA+3hgAen0HRdsocuQXCkUTdFn9yHJJhsijDXw=="
      },
      "System.Memory.Data": {
        "type": "Transitive",
        "resolved": "1.0.2",
        "contentHash": "JGkzeqgBsiZwKJZ1IxPNsDFZDhUvuEdX8L8BDC8N3KOj+6zMcNU28CNN59TpZE/VJYy9cP+5M+sbxtWJx3/xtw==",
        "dependencies": {
          "System.Text.Encodings.Web": "4.7.2",
          "System.Text.Json": "4.6.0"
        }
      },
      "System.Numerics.Vectors": {
        "type": "Transitive",
        "resolved": "4.5.0",
        "contentHash": "QQTlPTl06J/iiDbJCiepZ4H//BVraReU4O4EoRw1U02H5TLUIT7xn3GnDp9AXPSlJUDyFs4uWjWafNX6WrAojQ=="
      },
      "System.Reflection.Emit.Lightweight": {
        "type": "Transitive",
        "resolved": "4.7.0",
        "contentHash": "a4OLB4IITxAXJeV74MDx49Oq2+PsF6Sml54XAFv+2RyWwtDBcabzoxiiJRhdhx+gaohLh4hEGCLQyBozXoQPqA=="
      },
      "System.Security.Cryptography.ProtectedData": {
        "type": "Transitive",
        "resolved": "4.5.0",
        "contentHash": "wLBKzFnDCxP12VL9ANydSYhk59fC4cvOr9ypYQLPnAj48NQIhqnjdD2yhP8yEKyBJEjERWS9DisKL7rX5eU25Q=="
      },
      "System.Text.Encodings.Web": {
        "type": "Transitive",
        "resolved": "4.7.2",
        "contentHash": "iTUgB/WtrZ1sWZs84F2hwyQhiRH6QNjQv2DkwrH+WP6RoFga2Q1m3f9/Q7FG8cck8AdHitQkmkXSY8qylcDmuA=="
      },
      "System.Text.Json": {
        "type": "Transitive",
        "resolved": "5.0.2",
        "contentHash": "I47dVIGiV6SfAyppphxqupertT/5oZkYLDCX6vC3HpOI4ZLjyoKAreUoem2ie6G0RbRuFrlqz/PcTQjfb2DOfQ=="
      },
      "System.Threading.Tasks.Extensions": {
        "type": "Transitive",
        "resolved": "4.5.2",
        "contentHash": "BG/TNxDFv0svAzx8OiMXDlsHfGw623BZ8tCXw4YLhDFDvDhNUEV58jKYMGRnkbJNm7c3JNNJDiN7JBMzxRBR2w=="
      },
      "bicep.core": {
        "type": "Project",
        "dependencies": {
          "Azure.Bicep.Types": "0.1.245",
          "Azure.Bicep.Types.Az": "0.1.245",
          "Azure.Deployments.Core": "1.0.247",
          "Azure.Deployments.Expression": "1.0.247",
          "Azure.Deployments.Templates": "1.0.247",
          "Azure.Identity": "1.4.0",
          "Azure.ResourceManager.Resources": "1.0.0-beta.1",
          "Bicep.Core.RegistryClient": "1.0.0",
          "Microsoft.Extensions.Configuration": "5.0.0",
          "Microsoft.Extensions.Configuration.Binder": "5.0.0",
          "Microsoft.Extensions.Configuration.Json": "5.0.0",
          "Newtonsoft.Json": "13.0.1",
          "System.Collections.Immutable": "5.0.0"
        }
      },
      "bicep.core.registryclient": {
        "type": "Project",
        "dependencies": {
          "Azure.Core": "1.14.0"
        }
      },
      "bicep.decompiler": {
        "type": "Project",
        "dependencies": {
          "Azure.Deployments.Expression": "1.0.247",
          "Bicep.Core": "1.0.0",
          "Newtonsoft.Json": "13.0.1",
          "System.Collections.Immutable": "5.0.0"
        }
      }
    },
    ".NETCoreApp,Version=v5.0/browser-wasm": {
      "System.Security.Cryptography.ProtectedData": {
        "type": "Transitive",
        "resolved": "4.5.0",
        "contentHash": "wLBKzFnDCxP12VL9ANydSYhk59fC4cvOr9ypYQLPnAj48NQIhqnjdD2yhP8yEKyBJEjERWS9DisKL7rX5eU25Q=="
      }
    },
    ".NETCoreApp,Version=v5.0/linux-musl-x64": {
      "System.Security.Cryptography.ProtectedData": {
        "type": "Transitive",
        "resolved": "4.5.0",
        "contentHash": "wLBKzFnDCxP12VL9ANydSYhk59fC4cvOr9ypYQLPnAj48NQIhqnjdD2yhP8yEKyBJEjERWS9DisKL7rX5eU25Q=="
      }
    },
    ".NETCoreApp,Version=v5.0/linux-x64": {
      "System.Security.Cryptography.ProtectedData": {
        "type": "Transitive",
        "resolved": "4.5.0",
        "contentHash": "wLBKzFnDCxP12VL9ANydSYhk59fC4cvOr9ypYQLPnAj48NQIhqnjdD2yhP8yEKyBJEjERWS9DisKL7rX5eU25Q=="
      }
    },
    ".NETCoreApp,Version=v5.0/osx-x64": {
      "System.Security.Cryptography.ProtectedData": {
        "type": "Transitive",
        "resolved": "4.5.0",
        "contentHash": "wLBKzFnDCxP12VL9ANydSYhk59fC4cvOr9ypYQLPnAj48NQIhqnjdD2yhP8yEKyBJEjERWS9DisKL7rX5eU25Q=="
      }
    },
    ".NETCoreApp,Version=v5.0/win-x64": {
      "System.Security.Cryptography.ProtectedData": {
        "type": "Transitive",
        "resolved": "4.5.0",
        "contentHash": "wLBKzFnDCxP12VL9ANydSYhk59fC4cvOr9ypYQLPnAj48NQIhqnjdD2yhP8yEKyBJEjERWS9DisKL7rX5eU25Q=="
      }
    }
  }
}