{
  "version": 1,
  "dependencies": {
    ".NETCoreApp,Version=v5.0": {
      "Microsoft.AspNetCore.Components.WebAssembly": {
        "type": "Direct",
        "requested": "[5.0.7, )",
        "resolved": "5.0.7",
        "contentHash": "G8hYNxG4xPr/2DBYp27tV3ZemCtXDoXwq3JZCfs1HurONfVNzM3wkgTkWz90A2We+sChmKdhHwfY/xwfhRTvLw==",
        "dependencies": {
          "Microsoft.AspNetCore.Components.Web": "5.0.7",
          "Microsoft.Extensions.Configuration.Binder": "5.0.0",
          "Microsoft.Extensions.Configuration.Json": "5.0.0",
          "Microsoft.Extensions.Logging": "5.0.0",
          "Microsoft.JSInterop.WebAssembly": "5.0.7"
        }
      },
      "Microsoft.CodeAnalysis.BannedApiAnalyzers": {
        "type": "Direct",
        "requested": "[3.3.2, )",
        "resolved": "3.3.2",
        "contentHash": "LlcsDRSYfkJFWOdDpysY/4Ph4llHc8DLOc3roFTz9+216vl+vwVGfbys2rcSmhZCTDv/0kxSs2oOdd9SX2NiVg=="
      },
      "Nerdbank.GitVersioning": {
        "type": "Direct",
        "requested": "[3.4.220, )",
        "resolved": "3.4.220",
        "contentHash": "a4A8qKgM1OLmAEnP30qlA8AhVAutKfJtQbfhwXIeUE5QhWKlnGe6cThJik9aKAzZvhcdmUIaN4O0q+JSI6BU4A=="
      },
      "System.Net.Http.Json": {
        "type": "Direct",
        "requested": "[5.0.0, )",
        "resolved": "5.0.0",
        "contentHash": "3CPSQpCzEmI9o+1G79TnPCjF40omCdnoXj2Rg76BDwGj5+LZnFPjV+t35eedlvl+uthmholk/XXxXTYgJWSexw=="
      },
      "Azure.Bicep.Types": {
        "type": "Transitive",
        "resolved": "0.1.197",
        "contentHash": "fKrnWtPYr5l2ogOPyYgOWQ9umpWtiwe0GkuSrNUBFDuiT0SoPktr8fjdSrdEXDr/Po8Oo/MlPEoq8Sc0PCvuPA==",
        "dependencies": {
          "System.Text.Json": "5.0.2"
        }
      },
      "Azure.Bicep.Types.Az": {
        "type": "Transitive",
        "resolved": "0.1.197",
        "contentHash": "JGgo4x0PdQ3Y9M8XPm5kUXlnoClE5iHmH1JjKOR9/02hPP0dG8hoeKoOaZP7oCgnYwcMg0rwVpdglHxF4Ou7CA==",
        "dependencies": {
          "Azure.Bicep.Types": "0.1.197"
        }
      },
      "Azure.Deployments.Core": {
        "type": "Transitive",
        "resolved": "1.0.207",
        "contentHash": "nmT4B09E7h+x5td5VGBCRKAFbxNnzDSU6yD6jNY7101o+grACrSI0ZSU0zMajVeq4801bgE+e5RRgF0IpTdgcA==",
        "dependencies": {
          "Newtonsoft.Json": "11.0.2",
          "System.Reflection.Emit.Lightweight": "4.7.0"
        }
      },
      "Azure.Deployments.Expression": {
        "type": "Transitive",
        "resolved": "1.0.207",
        "contentHash": "1u/31ZAKLWPYUJXezBgVXXSx/hxezunXfSfgPjiJAbIzYhcN+p3gZtNZDVPg0avIGJYdd8gsa0dERKV+MgTIPg==",
        "dependencies": {
          "Azure.Deployments.Core": "1.0.207",
          "Newtonsoft.Json": "11.0.2"
        }
      },
      "Azure.Deployments.Templates": {
        "type": "Transitive",
        "resolved": "1.0.207",
        "contentHash": "XWAgwzTzuM/mLd4ox2qcWIiVY3K5AzJD2Bp42YfpcQbjlCdxROetZ6ETVbZOO3l1G3rCIYlHk2+cv1BBhvq3Rg==",
        "dependencies": {
          "Azure.Deployments.Core": "1.0.207",
          "Azure.Deployments.Expression": "1.0.207",
          "Newtonsoft.Json": "11.0.2"
        }
      },
      "Microsoft.AspNetCore.Authorization": {
        "type": "Transitive",
        "resolved": "5.0.7",
        "contentHash": "dLoLLlFkaj3+6oodVBBNjC9hjGMSzO9WT1syO54ZFACkPKddI1jEjvQ4aG4+NHIP0lp4e3zv3C5woWEZVpofKg==",
        "dependencies": {
          "Microsoft.AspNetCore.Metadata": "5.0.7",
          "Microsoft.Extensions.Logging.Abstractions": "5.0.0",
          "Microsoft.Extensions.Options": "5.0.0"
        }
      },
      "Microsoft.AspNetCore.Components": {
        "type": "Transitive",
        "resolved": "5.0.7",
        "contentHash": "Ldw1epGBkADZ9iOvLe67AUy//lnT16paPXhC2xYWaN5nyEt6qaeqbk6zDgNcsU0aw5zamqQbNq7R3WWQxZ4khQ==",
        "dependencies": {
          "Microsoft.AspNetCore.Authorization": "5.0.7",
          "Microsoft.AspNetCore.Components.Analyzers": "5.0.7"
        }
      },
      "Microsoft.AspNetCore.Components.Analyzers": {
        "type": "Transitive",
        "resolved": "5.0.7",
        "contentHash": "c+9e4joHGIYkj955tSdlNc9lwI6f9Foaj2wr5IbOvJ1e5AqOWwIVmbNIsS5NQzLECWVfwUoRn1vGMZ3TFZZ5Ww=="
      },
      "Microsoft.AspNetCore.Components.Forms": {
        "type": "Transitive",
        "resolved": "5.0.7",
        "contentHash": "qnp7VElVDMGPA1Kwh6rm6gikQVnRboOi7OoohPxUDL6VvsH7ddAbNduNxBMsC9XK/X/0ZDcO0ygq6fSs90ZDDg==",
        "dependencies": {
          "Microsoft.AspNetCore.Components": "5.0.7"
        }
      },
      "Microsoft.AspNetCore.Components.Web": {
        "type": "Transitive",
        "resolved": "5.0.7",
        "contentHash": "nSaJHO1UQ8PnnrdWu2EcUqpWzzY0rnHI38xKGlgynBXmrDBW+DO9/gY9uiqkghPPdz06irFgRvvXbeD/k2uurA==",
        "dependencies": {
          "Microsoft.AspNetCore.Components": "5.0.7",
          "Microsoft.AspNetCore.Components.Forms": "5.0.7",
          "Microsoft.Extensions.DependencyInjection": "5.0.1",
          "Microsoft.JSInterop": "5.0.7",
          "System.IO.Pipelines": "5.0.1"
        }
      },
      "Microsoft.AspNetCore.Metadata": {
        "type": "Transitive",
        "resolved": "5.0.7",
        "contentHash": "e3JMbtgSx52zB8vZ4snhnnW7iEkeOEtiflGaR45CUQU2LDlklsK/6akZYN46U3oszD0eLHdrOtRFAmNL3Q/cvQ=="
      },
      "Microsoft.Extensions.Configuration": {
        "type": "Transitive",
        "resolved": "5.0.0",
        "contentHash": "LN322qEKHjuVEhhXueTUe7RNePooZmS8aGid5aK2woX3NPjSnONFyKUc6+JknOS6ce6h2tCLfKPTBXE3mN/6Ag==",
        "dependencies": {
          "Microsoft.Extensions.Configuration.Abstractions": "5.0.0",
          "Microsoft.Extensions.Primitives": "5.0.0"
        }
      },
      "Microsoft.Extensions.Configuration.Abstractions": {
        "type": "Transitive",
        "resolved": "5.0.0",
        "contentHash": "ETjSBHMp3OAZ4HxGQYpwyGsD8Sw5FegQXphi0rpoGMT74S4+I2mm7XJEswwn59XAaKOzC15oDSOWEE8SzDCd6Q==",
        "dependencies": {
          "Microsoft.Extensions.Primitives": "5.0.0"
        }
      },
      "Microsoft.Extensions.Configuration.Binder": {
        "type": "Transitive",
        "resolved": "5.0.0",
        "contentHash": "Of1Irt1+NzWO+yEYkuDh5TpT4On7LKl98Q9iLqCdOZps6XXEWDj3AKtmyvzJPVXZe4apmkJJIiDL7rR1yC+hjQ==",
        "dependencies": {
          "Microsoft.Extensions.Configuration.Abstractions": "5.0.0"
        }
      },
      "Microsoft.Extensions.Configuration.FileExtensions": {
        "type": "Transitive",
        "resolved": "5.0.0",
        "contentHash": "rRdspYKA18ViPOISwAihhCMbusHsARCOtDMwa23f+BGEdIjpKPlhs3LLjmKlxfhpGXBjIsS0JpXcChjRUN+PAw==",
        "dependencies": {
          "Microsoft.Extensions.Configuration": "5.0.0",
          "Microsoft.Extensions.Configuration.Abstractions": "5.0.0",
          "Microsoft.Extensions.FileProviders.Abstractions": "5.0.0",
          "Microsoft.Extensions.FileProviders.Physical": "5.0.0",
          "Microsoft.Extensions.Primitives": "5.0.0"
        }
      },
      "Microsoft.Extensions.Configuration.Json": {
        "type": "Transitive",
        "resolved": "5.0.0",
        "contentHash": "Pak8ymSUfdzPfBTLHxeOwcR32YDbuVfhnH2hkfOLnJNQd19ItlBdpMjIDY9C5O/nS2Sn9bzDMai0ZrvF7KyY/Q==",
        "dependencies": {
          "Microsoft.Extensions.Configuration": "5.0.0",
          "Microsoft.Extensions.Configuration.Abstractions": "5.0.0",
          "Microsoft.Extensions.Configuration.FileExtensions": "5.0.0",
          "Microsoft.Extensions.FileProviders.Abstractions": "5.0.0"
        }
      },
      "Microsoft.Extensions.DependencyInjection": {
        "type": "Transitive",
        "resolved": "5.0.1",
        "contentHash": "//mDNrYeiJ0eh/awFhDFJQzkRVra/njU5Y4fyK7X29g5HScrzbUkKOKlyTtygthcGFt4zNC8G5CFCjb/oizomA==",
        "dependencies": {
          "Microsoft.Extensions.DependencyInjection.Abstractions": "5.0.0"
        }
      },
      "Microsoft.Extensions.DependencyInjection.Abstractions": {
        "type": "Transitive",
        "resolved": "5.0.0",
        "contentHash": "ORj7Zh81gC69TyvmcUm9tSzytcy8AVousi+IVRAI8nLieQjOFryRusSFh7+aLk16FN9pQNqJAiMd7BTKINK0kA=="
      },
      "Microsoft.Extensions.FileProviders.Abstractions": {
        "type": "Transitive",
        "resolved": "5.0.0",
        "contentHash": "iuZIiZ3mteEb+nsUqpGXKx2cGF+cv6gWPd5jqQI4hzqdiJ6I94ddLjKhQOuRW1lueHwocIw30xbSHGhQj0zjdQ==",
        "dependencies": {
          "Microsoft.Extensions.Primitives": "5.0.0"
        }
      },
      "Microsoft.Extensions.FileProviders.Physical": {
        "type": "Transitive",
        "resolved": "5.0.0",
        "contentHash": "1rkd8UO2qf21biwO7X0hL9uHP7vtfmdv/NLvKgCRHkdz1XnW8zVQJXyEYiN68WYpExgtVWn55QF0qBzgfh1mGg==",
        "dependencies": {
          "Microsoft.Extensions.FileProviders.Abstractions": "5.0.0",
          "Microsoft.Extensions.FileSystemGlobbing": "5.0.0",
          "Microsoft.Extensions.Primitives": "5.0.0"
        }
      },
      "Microsoft.Extensions.FileSystemGlobbing": {
        "type": "Transitive",
        "resolved": "5.0.0",
        "contentHash": "ArliS8lGk8sWRtrWpqI8yUVYJpRruPjCDT+EIjrgkA/AAPRctlAkRISVZ334chAKktTLzD1+PK8F5IZpGedSqA=="
      },
      "Microsoft.Extensions.Logging": {
        "type": "Transitive",
        "resolved": "5.0.0",
        "contentHash": "MgOwK6tPzB6YNH21wssJcw/2MKwee8b2gI7SllYfn6rvTpIrVvVS5HAjSU2vqSku1fwqRvWP0MdIi14qjd93Aw==",
        "dependencies": {
          "Microsoft.Extensions.DependencyInjection": "5.0.0",
          "Microsoft.Extensions.DependencyInjection.Abstractions": "5.0.0",
          "Microsoft.Extensions.Logging.Abstractions": "5.0.0",
          "Microsoft.Extensions.Options": "5.0.0"
        }
      },
      "Microsoft.Extensions.Logging.Abstractions": {
        "type": "Transitive",
        "resolved": "5.0.0",
        "contentHash": "NxP6ahFcBnnSfwNBi2KH2Oz8Xl5Sm2krjId/jRR3I7teFphwiUoUeZPwTNA21EX+5PtjqmyAvKaOeBXcJjcH/w=="
      },
      "Microsoft.Extensions.Options": {
        "type": "Transitive",
        "resolved": "5.0.0",
        "contentHash": "CBvR92TCJ5uBIdd9/HzDSrxYak+0W/3+yxrNg8Qm6Bmrkh5L+nu6m3WeazQehcZ5q1/6dDA7J5YdQjim0165zg==",
        "dependencies": {
          "Microsoft.Extensions.DependencyInjection.Abstractions": "5.0.0",
          "Microsoft.Extensions.Primitives": "5.0.0"
        }
      },
      "Microsoft.Extensions.Primitives": {
        "type": "Transitive",
        "resolved": "5.0.0",
        "contentHash": "cI/VWn9G1fghXrNDagX9nYaaB/nokkZn0HYAawGaELQrl8InSezfe9OnfPZLcJq3esXxygh3hkq2c3qoV3SDyQ=="
      },
      "Microsoft.JSInterop": {
        "type": "Transitive",
        "resolved": "5.0.7",
        "contentHash": "3fUsFpgUSJEuiaPTSAWHt3o305lmOgLuVRp4uJHvsQGdfEj/7lZXF7NvcFVZsRXn8bQspSSSMEfevMY0ot4Qfg=="
      },
      "Microsoft.JSInterop.WebAssembly": {
        "type": "Transitive",
        "resolved": "5.0.7",
        "contentHash": "gfdkiYH3wAKwQxS4U0ElHBuznDl0FfC11O4zykMclrE88ELAt++I52H6qQYECN6WltIsJ2PcP/y/vK97YwLtpw==",
        "dependencies": {
          "Microsoft.JSInterop": "5.0.7"
        }
      },
      "Newtonsoft.Json": {
        "type": "Transitive",
        "resolved": "13.0.1",
        "contentHash": "ppPFpBcvxdsfUonNcvITKqLl3bqxWbDCZIzDWHzjpdAHRFfZe0Dw9HmA0+za13IdyrgJwpkDTDA9fHaxOrt20A=="
      },
      "System.Collections.Immutable": {
        "type": "Transitive",
        "resolved": "5.0.0",
        "contentHash": "FXkLXiK0sVVewcso0imKQoOxjoPAj42R8HtjjbSjVPAzwDfzoyoznWxgA3c38LDbN9SJux1xXoXYAhz98j7r2g=="
      },
      "System.IO.Pipelines": {
        "type": "Transitive",
        "resolved": "5.0.1",
        "contentHash": "qEePWsaq9LoEEIqhbGe6D5J8c9IqQOUuTzzV6wn1POlfdLkJliZY3OlB0j0f17uMWlqZYjH7txj+2YbyrIA8Yg=="
      },
      "System.Reflection.Emit.Lightweight": {
        "type": "Transitive",
        "resolved": "4.7.0",
        "contentHash": "a4OLB4IITxAXJeV74MDx49Oq2+PsF6Sml54XAFv+2RyWwtDBcabzoxiiJRhdhx+gaohLh4hEGCLQyBozXoQPqA=="
      },
      "System.Text.Json": {
        "type": "Transitive",
        "resolved": "5.0.2",
        "contentHash": "I47dVIGiV6SfAyppphxqupertT/5oZkYLDCX6vC3HpOI4ZLjyoKAreUoem2ie6G0RbRuFrlqz/PcTQjfb2DOfQ=="
      },
      "bicep.core": {
        "type": "Project",
        "dependencies": {
          "Azure.Bicep.Types": "0.1.197",
          "Azure.Bicep.Types.Az": "0.1.197",
          "Azure.Deployments.Core": "1.0.207",
          "Azure.Deployments.Expression": "1.0.207",
          "Azure.Deployments.Templates": "1.0.207",
          "Microsoft.Extensions.Configuration": "5.0.0",
          "Microsoft.Extensions.Configuration.Binder": "5.0.0",
          "Microsoft.Extensions.Configuration.Json": "5.0.0",
          "Newtonsoft.Json": "13.0.1",
          "System.Collections.Immutable": "5.0.0"
        }
      },
      "bicep.decompiler": {
        "type": "Project",
        "dependencies": {
          "Azure.Deployments.Expression": "1.0.207",
          "Bicep.Core": "1.0.0",
          "Newtonsoft.Json": "13.0.1",
          "System.Collections.Immutable": "5.0.0"
        }
      }
    },
    ".NETCoreApp,Version=v5.0/browser-wasm": {},
    ".NETCoreApp,Version=v5.0/linux-musl-x64": {},
    ".NETCoreApp,Version=v5.0/linux-x64": {},
    ".NETCoreApp,Version=v5.0/osx-x64": {},
    ".NETCoreApp,Version=v5.0/win-x64": {}
  }
}