{
  "version": 1,
  "dependencies": {
    ".NETCoreApp,Version=v5.0": {
      "Microsoft.AspNetCore.Components.WebAssembly": {
        "type": "Direct",
        "requested": "[5.0.8, )",
        "resolved": "5.0.8",
        "contentHash": "HeKQdcZjKJMee3zOXGK16Pq0nYbiFsRo/ycgnj7exvgHaBTvdUptV4F6p6gGse0aJybpWCd493GQNbT1UgQGwg==",
        "dependencies": {
          "Microsoft.AspNetCore.Components.Web": "5.0.8",
          "Microsoft.Extensions.Configuration.Binder": "5.0.0",
          "Microsoft.Extensions.Configuration.Json": "5.0.0",
          "Microsoft.Extensions.Logging": "5.0.0",
          "Microsoft.JSInterop.WebAssembly": "5.0.8"
        }
      },
      "Microsoft.CodeAnalysis.BannedApiAnalyzers": {
        "type": "Direct",
        "requested": "[3.3.2, )",
        "resolved": "3.3.2",
        "contentHash": "LlcsDRSYfkJFWOdDpysY/4Ph4llHc8DLOc3roFTz9+216vl+vwVGfbys2rcSmhZCTDv/0kxSs2oOdd9SX2NiVg=="
      },
      "Nerdbank.GitVersioning": {
        "type": "Direct",
        "requested": "[3.4.231, )",
        "resolved": "3.4.231",
        "contentHash": "ifpSbv0sySgIVymTQQz0pjI6O7o/JxnIQMlj28JF5Ybr1LoUTcMfoKnAKwteRlhpQM9qJmONGy9M8BgrEcOteg=="
      },
      "System.Net.Http.Json": {
        "type": "Direct",
        "requested": "[5.0.0, )",
        "resolved": "5.0.0",
        "contentHash": "3CPSQpCzEmI9o+1G79TnPCjF40omCdnoXj2Rg76BDwGj5+LZnFPjV+t35eedlvl+uthmholk/XXxXTYgJWSexw=="
      },
      "Azure.Bicep.Types": {
        "type": "Transitive",
        "resolved": "0.1.201",
        "contentHash": "Y35r/xpY1bIxNWxdX98rhroitAtS2Ms9yFA9cCgMorCpipdbuJyuH+tBUOHersduaJ4CamDtCzNeB7MfVk7zjQ==",
        "dependencies": {
          "System.Text.Json": "5.0.2"
        }
      },
      "Azure.Bicep.Types.Az": {
        "type": "Transitive",
        "resolved": "0.1.201",
        "contentHash": "gnecdDw5iGJYv8W3ryFbfubaYyA7pMre3n07x69ESZvi6MOJAlTNjg1IRfepnXJ9Ek9UZ6AVEbGYdj2+cvnr2A==",
        "dependencies": {
          "Azure.Bicep.Types": "0.1.201"
        }
      },
      "Azure.Deployments.Core": {
        "type": "Transitive",
        "resolved": "1.0.207",
        "contentHash": "nmT4B09E7h+x5td5VGBCRKAFbxNnzDSU6yD6jNY7101o+grACrSI0ZSU0zMajVeq4801bgE+e5RRgF0IpTdgcA==",
        "dependencies": {
          "Newtonsoft.Json": "11.0.2",
          "System.Reflection.Emit.Lightweight": "4.7.0"
        }
      },
      "Azure.Deployments.Expression": {
        "type": "Transitive",
        "resolved": "1.0.207",
        "contentHash": "1u/31ZAKLWPYUJXezBgVXXSx/hxezunXfSfgPjiJAbIzYhcN+p3gZtNZDVPg0avIGJYdd8gsa0dERKV+MgTIPg==",
        "dependencies": {
          "Azure.Deployments.Core": "1.0.207",
          "Newtonsoft.Json": "11.0.2"
        }
      },
      "Azure.Deployments.Templates": {
        "type": "Transitive",
        "resolved": "1.0.207",
        "contentHash": "XWAgwzTzuM/mLd4ox2qcWIiVY3K5AzJD2Bp42YfpcQbjlCdxROetZ6ETVbZOO3l1G3rCIYlHk2+cv1BBhvq3Rg==",
        "dependencies": {
          "Azure.Deployments.Core": "1.0.207",
          "Azure.Deployments.Expression": "1.0.207",
          "Newtonsoft.Json": "11.0.2"
        }
      },
      "Microsoft.AspNetCore.Authorization": {
        "type": "Transitive",
        "resolved": "5.0.8",
        "contentHash": "7PKGjQUmMhlGFTx+HZxR1WO3pBceOeMtCRdZ8ERHMulmX8UecHSPnoo28AYrt6aBrYy4fsNkYSjwZlUQxp6DAw==",
        "dependencies": {
          "Microsoft.AspNetCore.Metadata": "5.0.8",
          "Microsoft.Extensions.Logging.Abstractions": "5.0.0",
          "Microsoft.Extensions.Options": "5.0.0"
        }
      },
      "Microsoft.AspNetCore.Components": {
        "type": "Transitive",
        "resolved": "5.0.8",
        "contentHash": "otNeUv8Mg+S2mjVjM9eGEdZbIH19fwk9FY7LF9x40+nslRCGLVdCk+BdhTuTRnnMFW4teUatkeTar38znu4jyg==",
        "dependencies": {
          "Microsoft.AspNetCore.Authorization": "5.0.8",
          "Microsoft.AspNetCore.Components.Analyzers": "5.0.8"
        }
      },
      "Microsoft.AspNetCore.Components.Analyzers": {
        "type": "Transitive",
        "resolved": "5.0.8",
        "contentHash": "9WFZ8biO7XKl9tCKkon4HN1wKGvHYLHVMmh/s1V31+CE0hO05l3Sk0acdJOVJg96upzFjaLnzxoIDPlT7f3BrA=="
      },
      "Microsoft.AspNetCore.Components.Forms": {
        "type": "Transitive",
        "resolved": "5.0.8",
        "contentHash": "0ccSBZDR9lZv9evjT7SHvrh+KgtPBKfvigb3PDKCHMQh7Z/qrJsvv1Yr46iPgwe31N2/Y82sxDOkZC+lTsZNvg==",
        "dependencies": {
          "Microsoft.AspNetCore.Components": "5.0.8"
        }
      },
      "Microsoft.AspNetCore.Components.Web": {
        "type": "Transitive",
        "resolved": "5.0.8",
        "contentHash": "X71IPQ+nN5dYQ1BIe7HTXdAbZSNwRQisXNOmzED6GSqUjkAgHV14+b9LW8y+1uWYqJ4jrnAwMvW1HfeQDlrFqA==",
        "dependencies": {
          "Microsoft.AspNetCore.Components": "5.0.8",
          "Microsoft.AspNetCore.Components.Forms": "5.0.8",
          "Microsoft.Extensions.DependencyInjection": "5.0.2",
          "Microsoft.JSInterop": "5.0.8",
          "System.IO.Pipelines": "5.0.1"
        }
      },
      "Microsoft.AspNetCore.Metadata": {
        "type": "Transitive",
        "resolved": "5.0.8",
        "contentHash": "+H9/+YSo2LIeBfhucnXm+cx/u+UciDDG3Sm4rceBQYxtE1d5Yt9AGD16tDAZtJnLheV/LQIWvrIl4gMH/2UmBA=="
      },
      "Microsoft.Extensions.Configuration": {
        "type": "Transitive",
        "resolved": "5.0.0",
        "contentHash": "LN322qEKHjuVEhhXueTUe7RNePooZmS8aGid5aK2woX3NPjSnONFyKUc6+JknOS6ce6h2tCLfKPTBXE3mN/6Ag==",
        "dependencies": {
          "Microsoft.Extensions.Configuration.Abstractions": "5.0.0",
          "Microsoft.Extensions.Primitives": "5.0.0"
        }
      },
      "Microsoft.Extensions.Configuration.Abstractions": {
        "type": "Transitive",
        "resolved": "5.0.0",
        "contentHash": "ETjSBHMp3OAZ4HxGQYpwyGsD8Sw5FegQXphi0rpoGMT74S4+I2mm7XJEswwn59XAaKOzC15oDSOWEE8SzDCd6Q==",
        "dependencies": {
          "Microsoft.Extensions.Primitives": "5.0.0"
        }
      },
      "Microsoft.Extensions.Configuration.Binder": {
        "type": "Transitive",
        "resolved": "5.0.0",
        "contentHash": "Of1Irt1+NzWO+yEYkuDh5TpT4On7LKl98Q9iLqCdOZps6XXEWDj3AKtmyvzJPVXZe4apmkJJIiDL7rR1yC+hjQ==",
        "dependencies": {
          "Microsoft.Extensions.Configuration.Abstractions": "5.0.0"
        }
      },
      "Microsoft.Extensions.Configuration.FileExtensions": {
        "type": "Transitive",
        "resolved": "5.0.0",
        "contentHash": "rRdspYKA18ViPOISwAihhCMbusHsARCOtDMwa23f+BGEdIjpKPlhs3LLjmKlxfhpGXBjIsS0JpXcChjRUN+PAw==",
        "dependencies": {
          "Microsoft.Extensions.Configuration": "5.0.0",
          "Microsoft.Extensions.Configuration.Abstractions": "5.0.0",
          "Microsoft.Extensions.FileProviders.Abstractions": "5.0.0",
          "Microsoft.Extensions.FileProviders.Physical": "5.0.0",
          "Microsoft.Extensions.Primitives": "5.0.0"
        }
      },
      "Microsoft.Extensions.Configuration.Json": {
        "type": "Transitive",
        "resolved": "5.0.0",
        "contentHash": "Pak8ymSUfdzPfBTLHxeOwcR32YDbuVfhnH2hkfOLnJNQd19ItlBdpMjIDY9C5O/nS2Sn9bzDMai0ZrvF7KyY/Q==",
        "dependencies": {
          "Microsoft.Extensions.Configuration": "5.0.0",
          "Microsoft.Extensions.Configuration.Abstractions": "5.0.0",
          "Microsoft.Extensions.Configuration.FileExtensions": "5.0.0",
          "Microsoft.Extensions.FileProviders.Abstractions": "5.0.0"
        }
      },
      "Microsoft.Extensions.DependencyInjection": {
        "type": "Transitive",
        "resolved": "5.0.2",
        "contentHash": "xzFW00AZEvOXM1OX+0+AYH5op/Hf3u//e6wszBd/rK72sypD+jx5CtsHxM4BVuFBEs8SajfO4QzSJtrQaHDr4A==",
        "dependencies": {
          "Microsoft.Extensions.DependencyInjection.Abstractions": "5.0.0"
        }
      },
      "Microsoft.Extensions.DependencyInjection.Abstractions": {
        "type": "Transitive",
        "resolved": "5.0.0",
        "contentHash": "ORj7Zh81gC69TyvmcUm9tSzytcy8AVousi+IVRAI8nLieQjOFryRusSFh7+aLk16FN9pQNqJAiMd7BTKINK0kA=="
      },
      "Microsoft.Extensions.FileProviders.Abstractions": {
        "type": "Transitive",
        "resolved": "5.0.0",
        "contentHash": "iuZIiZ3mteEb+nsUqpGXKx2cGF+cv6gWPd5jqQI4hzqdiJ6I94ddLjKhQOuRW1lueHwocIw30xbSHGhQj0zjdQ==",
        "dependencies": {
          "Microsoft.Extensions.Primitives": "5.0.0"
        }
      },
      "Microsoft.Extensions.FileProviders.Physical": {
        "type": "Transitive",
        "resolved": "5.0.0",
        "contentHash": "1rkd8UO2qf21biwO7X0hL9uHP7vtfmdv/NLvKgCRHkdz1XnW8zVQJXyEYiN68WYpExgtVWn55QF0qBzgfh1mGg==",
        "dependencies": {
          "Microsoft.Extensions.FileProviders.Abstractions": "5.0.0",
          "Microsoft.Extensions.FileSystemGlobbing": "5.0.0",
          "Microsoft.Extensions.Primitives": "5.0.0"
        }
      },
      "Microsoft.Extensions.FileSystemGlobbing": {
        "type": "Transitive",
        "resolved": "5.0.0",
        "contentHash": "ArliS8lGk8sWRtrWpqI8yUVYJpRruPjCDT+EIjrgkA/AAPRctlAkRISVZ334chAKktTLzD1+PK8F5IZpGedSqA=="
      },
      "Microsoft.Extensions.Logging": {
        "type": "Transitive",
        "resolved": "5.0.0",
        "contentHash": "MgOwK6tPzB6YNH21wssJcw/2MKwee8b2gI7SllYfn6rvTpIrVvVS5HAjSU2vqSku1fwqRvWP0MdIi14qjd93Aw==",
        "dependencies": {
          "Microsoft.Extensions.DependencyInjection": "5.0.0",
          "Microsoft.Extensions.DependencyInjection.Abstractions": "5.0.0",
          "Microsoft.Extensions.Logging.Abstractions": "5.0.0",
          "Microsoft.Extensions.Options": "5.0.0"
        }
      },
      "Microsoft.Extensions.Logging.Abstractions": {
        "type": "Transitive",
        "resolved": "5.0.0",
        "contentHash": "NxP6ahFcBnnSfwNBi2KH2Oz8Xl5Sm2krjId/jRR3I7teFphwiUoUeZPwTNA21EX+5PtjqmyAvKaOeBXcJjcH/w=="
      },
      "Microsoft.Extensions.Options": {
        "type": "Transitive",
        "resolved": "5.0.0",
        "contentHash": "CBvR92TCJ5uBIdd9/HzDSrxYak+0W/3+yxrNg8Qm6Bmrkh5L+nu6m3WeazQehcZ5q1/6dDA7J5YdQjim0165zg==",
        "dependencies": {
          "Microsoft.Extensions.DependencyInjection.Abstractions": "5.0.0",
          "Microsoft.Extensions.Primitives": "5.0.0"
        }
      },
      "Microsoft.Extensions.Primitives": {
        "type": "Transitive",
        "resolved": "5.0.0",
        "contentHash": "cI/VWn9G1fghXrNDagX9nYaaB/nokkZn0HYAawGaELQrl8InSezfe9OnfPZLcJq3esXxygh3hkq2c3qoV3SDyQ=="
      },
      "Microsoft.JSInterop": {
        "type": "Transitive",
        "resolved": "5.0.8",
        "contentHash": "Z/UOpQ10+7raMdQN0RQOa5rrYy8oreYzYOuPDIdv3YzSu/l92D7yhOnmRwsalOLseywX1EiBRMOhc7vaEtRIKw=="
      },
      "Microsoft.JSInterop.WebAssembly": {
        "type": "Transitive",
        "resolved": "5.0.8",
        "contentHash": "rJO1NqZywGK+Z4abAPMH3+aQ+XbMcJnPW2ElHeoUc0aCD9X5Iq6ZNsXPAXdMf7HVexwnhjcUrFP/HlFd9dBVRA==",
        "dependencies": {
          "Microsoft.JSInterop": "5.0.8"
        }
      },
      "Newtonsoft.Json": {
        "type": "Transitive",
        "resolved": "13.0.1",
        "contentHash": "ppPFpBcvxdsfUonNcvITKqLl3bqxWbDCZIzDWHzjpdAHRFfZe0Dw9HmA0+za13IdyrgJwpkDTDA9fHaxOrt20A=="
      },
      "System.Collections.Immutable": {
        "type": "Transitive",
        "resolved": "5.0.0",
        "contentHash": "FXkLXiK0sVVewcso0imKQoOxjoPAj42R8HtjjbSjVPAzwDfzoyoznWxgA3c38LDbN9SJux1xXoXYAhz98j7r2g=="
      },
      "System.IO.Pipelines": {
        "type": "Transitive",
        "resolved": "5.0.1",
        "contentHash": "qEePWsaq9LoEEIqhbGe6D5J8c9IqQOUuTzzV6wn1POlfdLkJliZY3OlB0j0f17uMWlqZYjH7txj+2YbyrIA8Yg=="
      },
      "System.Reflection.Emit.Lightweight": {
        "type": "Transitive",
        "resolved": "4.7.0",
        "contentHash": "a4OLB4IITxAXJeV74MDx49Oq2+PsF6Sml54XAFv+2RyWwtDBcabzoxiiJRhdhx+gaohLh4hEGCLQyBozXoQPqA=="
      },
      "System.Text.Json": {
        "type": "Transitive",
        "resolved": "5.0.2",
        "contentHash": "I47dVIGiV6SfAyppphxqupertT/5oZkYLDCX6vC3HpOI4ZLjyoKAreUoem2ie6G0RbRuFrlqz/PcTQjfb2DOfQ=="
      },
      "bicep.core": {
        "type": "Project",
        "dependencies": {
          "Azure.Bicep.Types": "0.1.201",
          "Azure.Bicep.Types.Az": "0.1.201",
          "Azure.Deployments.Core": "1.0.207",
          "Azure.Deployments.Expression": "1.0.207",
          "Azure.Deployments.Templates": "1.0.207",
          "Microsoft.Extensions.Configuration": "5.0.0",
          "Microsoft.Extensions.Configuration.Binder": "5.0.0",
          "Microsoft.Extensions.Configuration.Json": "5.0.0",
          "Newtonsoft.Json": "13.0.1",
          "System.Collections.Immutable": "5.0.0"
        }
      },
      "bicep.decompiler": {
        "type": "Project",
        "dependencies": {
          "Azure.Deployments.Expression": "1.0.207",
          "Bicep.Core": "1.0.0",
          "Newtonsoft.Json": "13.0.1",
          "System.Collections.Immutable": "5.0.0"
        }
      }
    },
    ".NETCoreApp,Version=v5.0/browser-wasm": {},
    ".NETCoreApp,Version=v5.0/linux-musl-x64": {},
    ".NETCoreApp,Version=v5.0/linux-x64": {},
    ".NETCoreApp,Version=v5.0/osx-x64": {},
    ".NETCoreApp,Version=v5.0/win-x64": {}
  }
}